// !$*UTF8*$!
{
	archiveVersion = 1;
	classes = {
	};
	objectVersion = 77;
	objects = {

/* Begin PBXBuildFile section */
		C96AC6912D9B4FC300369BAD /* History_RepublicApp.swift in Sources */ = {isa = PBXBuildFile; fileRef = C96AC68E2D9B4FC300369BAD /* History_RepublicApp.swift */; };
		C96AC6922D9B4FC300369BAD /* Preview Assets.xcassets in Resources */ = {isa = PBXBuildFile; fileRef = C96AC68A2D9B4FC300369BAD /* Preview Assets.xcassets */; };
		C96AC6932D9B4FC300369BAD /* Assets.xcassets in Resources */ = {isa = PBXBuildFile; fileRef = C96AC68C2D9B4FC300369BAD /* Assets.xcassets */; };
		C96AC6A22D9B511300369BAD /* SplashView.swift in Sources */ = {isa = PBXBuildFile; fileRef = C96AC6A12D9B511300369BAD /* SplashView.swift */; };
		C96AC6C62D9B552600369BAD /* Color-Theme.swift in Sources */ = {isa = PBXBuildFile; fileRef = C96AC6C52D9B552600369BAD /* Color-Theme.swift */; };
		C96AC6D52D9B5A4F00369BAD /* LoginView.swift in Sources */ = {isa = PBXBuildFile; fileRef = C96AC6D42D9B5A4F00369BAD /* LoginView.swift */; };
		C96AC73F2D9B648400369BAD /* EndPoints.swift in Sources */ = {isa = PBXBuildFile; fileRef = C96AC73E2D9B648400369BAD /* EndPoints.swift */; };
		C96AC7C92D9B664C00369BAD /* HttpMethods.swift in Sources */ = {isa = PBXBuildFile; fileRef = C96AC7C82D9B664C00369BAD /* HttpMethods.swift */; };
		C96AC7CB2D9B665C00369BAD /* HttpResponseCodes.swift in Sources */ = {isa = PBXBuildFile; fileRef = C96AC7CA2D9B665C00369BAD /* HttpResponseCodes.swift */; };
		C96AC7CD2D9B66A300369BAD /* ConstantsApp.swift in Sources */ = {isa = PBXBuildFile; fileRef = C96AC7CC2D9B66A300369BAD /* ConstantsApp.swift */; };
		C96AC7CF2D9B674D00369BAD /* NetworkLogin.swift in Sources */ = {isa = PBXBuildFile; fileRef = C96AC7CE2D9B674D00369BAD /* NetworkLogin.swift */; };
		C96AC7D12D9B68B700369BAD /* KeyChainKC.swift in Sources */ = {isa = PBXBuildFile; fileRef = C96AC7D02D9B68B700369BAD /* KeyChainKC.swift */; };
		C96AC7D42D9B68E000369BAD /* KeychainSwift in Frameworks */ = {isa = PBXBuildFile; productRef = C96AC7D32D9B68E000369BAD /* KeychainSwift */; };
		C96AC7D62D9B693100369BAD /* LoginRepositoryProtocol.swift in Sources */ = {isa = PBXBuildFile; fileRef = C96AC7D52D9B693100369BAD /* LoginRepositoryProtocol.swift */; };
		C96AC7D82D9B696400369BAD /* LoginUseCase.swift in Sources */ = {isa = PBXBuildFile; fileRef = C96AC7D72D9B696400369BAD /* LoginUseCase.swift */; };
		C96AC7DA2D9B69DC00369BAD /* hrPersistenceKeyChain.swift in Sources */ = {isa = PBXBuildFile; fileRef = C96AC7D92D9B69DC00369BAD /* hrPersistenceKeyChain.swift */; };
		C96AC7DD2D9B6AC700369BAD /* DefaultLoginRepository.swift in Sources */ = {isa = PBXBuildFile; fileRef = C96AC7DC2D9B6AC700369BAD /* DefaultLoginRepository.swift */; };
		C96AC7DF2D9B701400369BAD /* AppStateVM.swift in Sources */ = {isa = PBXBuildFile; fileRef = C96AC7DE2D9B701400369BAD /* AppStateVM.swift */; };
		C9B3E2D02D9C85AD00BC3096 /* HRError.swift in Sources */ = {isa = PBXBuildFile; fileRef = C9B3E2CF2D9C85AD00BC3096 /* HRError.swift */; };
		C9B3E34C2D9C918D00BC3096 /* StatusModel.swift in Sources */ = {isa = PBXBuildFile; fileRef = C9B3E34B2D9C918D00BC3096 /* StatusModel.swift */; };
		C9B3E3502D9C93F000BC3096 /* RootView.swift in Sources */ = {isa = PBXBuildFile; fileRef = C9B3E34F2D9C93F000BC3096 /* RootView.swift */; };
		C9B3E3532D9C9D7B00BC3096 /* LoadingView.swift in Sources */ = {isa = PBXBuildFile; fileRef = C9B3E3522D9C9D7B00BC3096 /* LoadingView.swift */; };
		C9B3E3B62D9C9F9100BC3096 /* ErrorView.swift in Sources */ = {isa = PBXBuildFile; fileRef = C9B3E3B52D9C9F9100BC3096 /* ErrorView.swift */; };
/* End PBXBuildFile section */

/* Begin PBXContainerItemProxy section */
		C96AC66E2D9B4F8300369BAD /* PBXContainerItemProxy */ = {
			isa = PBXContainerItemProxy;
			containerPortal = C96AC6552D9B4F8200369BAD /* Project object */;
			proxyType = 1;
			remoteGlobalIDString = C96AC65C2D9B4F8200369BAD;
			remoteInfo = "History Republic";
		};
		C96AC6782D9B4F8300369BAD /* PBXContainerItemProxy */ = {
			isa = PBXContainerItemProxy;
			containerPortal = C96AC6552D9B4F8200369BAD /* Project object */;
			proxyType = 1;
			remoteGlobalIDString = C96AC65C2D9B4F8200369BAD;
			remoteInfo = "History Republic";
		};
/* End PBXContainerItemProxy section */

/* Begin PBXFileReference section */
		C96AC65D2D9B4F8200369BAD /* History Republic.app */ = {isa = PBXFileReference; explicitFileType = wrapper.application; includeInIndex = 0; path = "History Republic.app"; sourceTree = BUILT_PRODUCTS_DIR; };
		C96AC66D2D9B4F8300369BAD /* History RepublicTests.xctest */ = {isa = PBXFileReference; explicitFileType = wrapper.cfbundle; includeInIndex = 0; path = "History RepublicTests.xctest"; sourceTree = BUILT_PRODUCTS_DIR; };
		C96AC6772D9B4F8300369BAD /* History RepublicUITests.xctest */ = {isa = PBXFileReference; explicitFileType = wrapper.cfbundle; includeInIndex = 0; path = "History RepublicUITests.xctest"; sourceTree = BUILT_PRODUCTS_DIR; };
		C96AC68A2D9B4FC300369BAD /* Preview Assets.xcassets */ = {isa = PBXFileReference; lastKnownFileType = folder.assetcatalog; path = "Preview Assets.xcassets"; sourceTree = "<group>"; };
		C96AC68C2D9B4FC300369BAD /* Assets.xcassets */ = {isa = PBXFileReference; lastKnownFileType = folder.assetcatalog; path = Assets.xcassets; sourceTree = "<group>"; };
		C96AC68E2D9B4FC300369BAD /* History_RepublicApp.swift */ = {isa = PBXFileReference; lastKnownFileType = sourcecode.swift; path = History_RepublicApp.swift; sourceTree = "<group>"; };
		C96AC6A12D9B511300369BAD /* SplashView.swift */ = {isa = PBXFileReference; lastKnownFileType = sourcecode.swift; path = SplashView.swift; sourceTree = "<group>"; };
		C96AC6C52D9B552600369BAD /* Color-Theme.swift */ = {isa = PBXFileReference; lastKnownFileType = sourcecode.swift; path = "Color-Theme.swift"; sourceTree = "<group>"; };
		C96AC6D42D9B5A4F00369BAD /* LoginView.swift */ = {isa = PBXFileReference; lastKnownFileType = sourcecode.swift; path = LoginView.swift; sourceTree = "<group>"; };
		C96AC73E2D9B648400369BAD /* EndPoints.swift */ = {isa = PBXFileReference; lastKnownFileType = sourcecode.swift; path = EndPoints.swift; sourceTree = "<group>"; };
		C96AC7C82D9B664C00369BAD /* HttpMethods.swift */ = {isa = PBXFileReference; lastKnownFileType = sourcecode.swift; path = HttpMethods.swift; sourceTree = "<group>"; };
		C96AC7CA2D9B665C00369BAD /* HttpResponseCodes.swift */ = {isa = PBXFileReference; lastKnownFileType = sourcecode.swift; path = HttpResponseCodes.swift; sourceTree = "<group>"; };
		C96AC7CC2D9B66A300369BAD /* ConstantsApp.swift */ = {isa = PBXFileReference; lastKnownFileType = sourcecode.swift; path = ConstantsApp.swift; sourceTree = "<group>"; };
		C96AC7CE2D9B674D00369BAD /* NetworkLogin.swift */ = {isa = PBXFileReference; lastKnownFileType = sourcecode.swift; path = NetworkLogin.swift; sourceTree = "<group>"; };
		C96AC7D02D9B68B700369BAD /* KeyChainKC.swift */ = {isa = PBXFileReference; lastKnownFileType = sourcecode.swift; path = KeyChainKC.swift; sourceTree = "<group>"; };
		C96AC7D52D9B693100369BAD /* LoginRepositoryProtocol.swift */ = {isa = PBXFileReference; lastKnownFileType = sourcecode.swift; path = LoginRepositoryProtocol.swift; sourceTree = "<group>"; };
		C96AC7D72D9B696400369BAD /* LoginUseCase.swift */ = {isa = PBXFileReference; lastKnownFileType = sourcecode.swift; path = LoginUseCase.swift; sourceTree = "<group>"; };
		C96AC7D92D9B69DC00369BAD /* hrPersistenceKeyChain.swift */ = {isa = PBXFileReference; lastKnownFileType = sourcecode.swift; path = hrPersistenceKeyChain.swift; sourceTree = "<group>"; };
		C96AC7DC2D9B6AC700369BAD /* DefaultLoginRepository.swift */ = {isa = PBXFileReference; lastKnownFileType = sourcecode.swift; path = DefaultLoginRepository.swift; sourceTree = "<group>"; };
		C96AC7DE2D9B701400369BAD /* AppStateVM.swift */ = {isa = PBXFileReference; lastKnownFileType = sourcecode.swift; path = AppStateVM.swift; sourceTree = "<group>"; };
		C9B3E2CF2D9C85AD00BC3096 /* HRError.swift */ = {isa = PBXFileReference; lastKnownFileType = sourcecode.swift; path = HRError.swift; sourceTree = "<group>"; };
		C9B3E34B2D9C918D00BC3096 /* StatusModel.swift */ = {isa = PBXFileReference; lastKnownFileType = sourcecode.swift; path = StatusModel.swift; sourceTree = "<group>"; };
		C9B3E34F2D9C93F000BC3096 /* RootView.swift */ = {isa = PBXFileReference; lastKnownFileType = sourcecode.swift; path = RootView.swift; sourceTree = "<group>"; };
		C9B3E3522D9C9D7B00BC3096 /* LoadingView.swift */ = {isa = PBXFileReference; lastKnownFileType = sourcecode.swift; path = LoadingView.swift; sourceTree = "<group>"; };
		C9B3E3B52D9C9F9100BC3096 /* ErrorView.swift */ = {isa = PBXFileReference; lastKnownFileType = sourcecode.swift; path = ErrorView.swift; sourceTree = "<group>"; };
/* End PBXFileReference section */

/* Begin PBXFileSystemSynchronizedRootGroup section */
		C96AC6702D9B4F8300369BAD /* History RepublicTests */ = {
			isa = PBXFileSystemSynchronizedRootGroup;
			path = "History RepublicTests";
			sourceTree = "<group>";
		};
		C96AC67A2D9B4F8300369BAD /* History RepublicUITests */ = {
			isa = PBXFileSystemSynchronizedRootGroup;
			path = "History RepublicUITests";
			sourceTree = "<group>";
		};
/* End PBXFileSystemSynchronizedRootGroup section */

/* Begin PBXFrameworksBuildPhase section */
		C96AC65A2D9B4F8200369BAD /* Frameworks */ = {
			isa = PBXFrameworksBuildPhase;
			buildActionMask = 2147483647;
			files = (
				C96AC7D42D9B68E000369BAD /* KeychainSwift in Frameworks */,
			);
			runOnlyForDeploymentPostprocessing = 0;
		};
		C96AC66A2D9B4F8300369BAD /* Frameworks */ = {
			isa = PBXFrameworksBuildPhase;
			buildActionMask = 2147483647;
			files = (
			);
			runOnlyForDeploymentPostprocessing = 0;
		};
		C96AC6742D9B4F8300369BAD /* Frameworks */ = {
			isa = PBXFrameworksBuildPhase;
			buildActionMask = 2147483647;
			files = (
			);
			runOnlyForDeploymentPostprocessing = 0;
		};
/* End PBXFrameworksBuildPhase section */

/* Begin PBXGroup section */
		C96AC6542D9B4F8200369BAD = {
			isa = PBXGroup;
			children = (
				C96AC68F2D9B4FC300369BAD /* History Republic */,
				C96AC6702D9B4F8300369BAD /* History RepublicTests */,
				C96AC67A2D9B4F8300369BAD /* History RepublicUITests */,
				C96AC65E2D9B4F8200369BAD /* Products */,
			);
			sourceTree = "<group>";
		};
		C96AC65E2D9B4F8200369BAD /* Products */ = {
			isa = PBXGroup;
			children = (
				C96AC65D2D9B4F8200369BAD /* History Republic.app */,
				C96AC66D2D9B4F8300369BAD /* History RepublicTests.xctest */,
				C96AC6772D9B4F8300369BAD /* History RepublicUITests.xctest */,
			);
			name = Products;
			sourceTree = "<group>";
		};
		C96AC68B2D9B4FC300369BAD /* Preview Content */ = {
			isa = PBXGroup;
			children = (
				C96AC68A2D9B4FC300369BAD /* Preview Assets.xcassets */,
			);
			path = "Preview Content";
			sourceTree = "<group>";
		};
		C96AC68F2D9B4FC300369BAD /* History Republic */ = {
			isa = PBXGroup;
			children = (
				C96AC6942D9B4FCD00369BAD /* Shared */,
				C96AC68B2D9B4FC300369BAD /* Preview Content */,
				C96AC68C2D9B4FC300369BAD /* Assets.xcassets */,
				C96AC68E2D9B4FC300369BAD /* History_RepublicApp.swift */,
			);
			path = "History Republic";
			sourceTree = "<group>";
		};
		C96AC6942D9B4FCD00369BAD /* Shared */ = {
			isa = PBXGroup;
			children = (
				C96AC6952D9B4FD400369BAD /* Data */,
				C96AC6982D9B500100369BAD /* Domain */,
				C96AC69D2D9B504700369BAD /* Presentation */,
			);
			path = Shared;
			sourceTree = "<group>";
		};
		C96AC6952D9B4FD400369BAD /* Data */ = {
			isa = PBXGroup;
			children = (
				C96AC6962D9B4FDD00369BAD /* Network */,
				C96AC7DB2D9B6A8500369BAD /* Repository */,
			);
			path = Data;
			sourceTree = "<group>";
		};
		C96AC6962D9B4FDD00369BAD /* Network */ = {
			isa = PBXGroup;
			children = (
				C96AC7C62D9B65EA00369BAD /* Local */,
				C96AC6972D9B4FE600369BAD /* BaseNetwork */,
				C96AC7CE2D9B674D00369BAD /* NetworkLogin.swift */,
			);
			path = Network;
			sourceTree = "<group>";
		};
		C96AC6972D9B4FE600369BAD /* BaseNetwork */ = {
			isa = PBXGroup;
			children = (
				C9B3E2CF2D9C85AD00BC3096 /* HRError.swift */,
				C96AC73E2D9B648400369BAD /* EndPoints.swift */,
				C96AC7C82D9B664C00369BAD /* HttpMethods.swift */,
				C96AC7CA2D9B665C00369BAD /* HttpResponseCodes.swift */,
			);
			path = BaseNetwork;
			sourceTree = "<group>";
		};
		C96AC6982D9B500100369BAD /* Domain */ = {
			isa = PBXGroup;
			children = (
				C96AC6C42D9B551900369BAD /* Extensions */,
				C96AC69C2D9B503E00369BAD /* Entities */,
				C96AC69B2D9B503700369BAD /* Protocols */,
				C96AC69A2D9B503100369BAD /* Tools */,
				C96AC6992D9B502700369BAD /* UseCases */,
			);
			path = Domain;
			sourceTree = "<group>";
		};
		C96AC6992D9B502700369BAD /* UseCases */ = {
			isa = PBXGroup;
			children = (
				C96AC7D72D9B696400369BAD /* LoginUseCase.swift */,
			);
			path = UseCases;
			sourceTree = "<group>";
		};
		C96AC69A2D9B503100369BAD /* Tools */ = {
			isa = PBXGroup;
			children = (
				C96AC7CC2D9B66A300369BAD /* ConstantsApp.swift */,
				C96AC7D92D9B69DC00369BAD /* hrPersistenceKeyChain.swift */,
			);
			path = Tools;
			sourceTree = "<group>";
		};
		C96AC69B2D9B503700369BAD /* Protocols */ = {
			isa = PBXGroup;
			children = (
				C96AC7D52D9B693100369BAD /* LoginRepositoryProtocol.swift */,
			);
			path = Protocols;
			sourceTree = "<group>";
		};
		C96AC69C2D9B503E00369BAD /* Entities */ = {
			isa = PBXGroup;
			children = (
				C9B3E34B2D9C918D00BC3096 /* StatusModel.swift */,
			);
			path = Entities;
			sourceTree = "<group>";
		};
		C96AC69D2D9B504700369BAD /* Presentation */ = {
			isa = PBXGroup;
			children = (
				C96AC69E2D9B505E00369BAD /* ViewModels */,
				C96AC69F2D9B506600369BAD /* Views */,
			);
			path = Presentation;
			sourceTree = "<group>";
		};
		C96AC69E2D9B505E00369BAD /* ViewModels */ = {
			isa = PBXGroup;
			children = (
				C96AC7DE2D9B701400369BAD /* AppStateVM.swift */,
			);
			path = ViewModels;
			sourceTree = "<group>";
		};
		C96AC69F2D9B506600369BAD /* Views */ = {
			isa = PBXGroup;
			children = (
				C96AC6C72D9B5A1500369BAD /* Login */,
				C96AC6A02D9B510900369BAD /* Splash */,
				C9B3E3512D9C9D5800BC3096 /* Tools */,
				C9B3E34F2D9C93F000BC3096 /* RootView.swift */,
			);
			path = Views;
			sourceTree = "<group>";
		};
		C96AC6A02D9B510900369BAD /* Splash */ = {
			isa = PBXGroup;
			children = (
				C96AC6A12D9B511300369BAD /* SplashView.swift */,
			);
			path = Splash;
			sourceTree = "<group>";
		};
		C96AC6C42D9B551900369BAD /* Extensions */ = {
			isa = PBXGroup;
			children = (
				C96AC6C52D9B552600369BAD /* Color-Theme.swift */,
			);
			path = Extensions;
			sourceTree = "<group>";
		};
		C96AC6C72D9B5A1500369BAD /* Login */ = {
			isa = PBXGroup;
			children = (
				C96AC6D42D9B5A4F00369BAD /* LoginView.swift */,
			);
			path = Login;
			sourceTree = "<group>";
		};
		C96AC7C62D9B65EA00369BAD /* Local */ = {
			isa = PBXGroup;
			children = (
				C96AC7C72D9B65F500369BAD /* KeyChain */,
			);
			path = Local;
			sourceTree = "<group>";
		};
		C96AC7C72D9B65F500369BAD /* KeyChain */ = {
			isa = PBXGroup;
			children = (
				C96AC7D02D9B68B700369BAD /* KeyChainKC.swift */,
			);
			path = KeyChain;
			sourceTree = "<group>";
		};
		C96AC7DB2D9B6A8500369BAD /* Repository */ = {
			isa = PBXGroup;
			children = (
				C96AC7DC2D9B6AC700369BAD /* DefaultLoginRepository.swift */,
			);
			path = Repository;
			sourceTree = "<group>";
		};
		C9B3E3512D9C9D5800BC3096 /* Tools */ = {
			isa = PBXGroup;
			children = (
				C9B3E3522D9C9D7B00BC3096 /* LoadingView.swift */,
				C9B3E3B52D9C9F9100BC3096 /* ErrorView.swift */,
			);
			path = Tools;
			sourceTree = "<group>";
		};
/* End PBXGroup section */

/* Begin PBXNativeTarget section */
		C96AC65C2D9B4F8200369BAD /* History Republic */ = {
			isa = PBXNativeTarget;
			buildConfigurationList = C96AC6812D9B4F8300369BAD /* Build configuration list for PBXNativeTarget "History Republic" */;
			buildPhases = (
				C96AC6592D9B4F8200369BAD /* Sources */,
				C96AC65A2D9B4F8200369BAD /* Frameworks */,
				C96AC65B2D9B4F8200369BAD /* Resources */,
			);
			buildRules = (
			);
			dependencies = (
			);
			name = "History Republic";
			packageProductDependencies = (
				C96AC7D32D9B68E000369BAD /* KeychainSwift */,
			);
			productName = "History Republic";
			productReference = C96AC65D2D9B4F8200369BAD /* History Republic.app */;
			productType = "com.apple.product-type.application";
		};
		C96AC66C2D9B4F8300369BAD /* History RepublicTests */ = {
			isa = PBXNativeTarget;
			buildConfigurationList = C96AC6842D9B4F8300369BAD /* Build configuration list for PBXNativeTarget "History RepublicTests" */;
			buildPhases = (
				C96AC6692D9B4F8300369BAD /* Sources */,
				C96AC66A2D9B4F8300369BAD /* Frameworks */,
				C96AC66B2D9B4F8300369BAD /* Resources */,
			);
			buildRules = (
			);
			dependencies = (
				C96AC66F2D9B4F8300369BAD /* PBXTargetDependency */,
			);
			fileSystemSynchronizedGroups = (
				C96AC6702D9B4F8300369BAD /* History RepublicTests */,
			);
			name = "History RepublicTests";
			packageProductDependencies = (
			);
			productName = "History RepublicTests";
			productReference = C96AC66D2D9B4F8300369BAD /* History RepublicTests.xctest */;
			productType = "com.apple.product-type.bundle.unit-test";
		};
		C96AC6762D9B4F8300369BAD /* History RepublicUITests */ = {
			isa = PBXNativeTarget;
			buildConfigurationList = C96AC6872D9B4F8300369BAD /* Build configuration list for PBXNativeTarget "History RepublicUITests" */;
			buildPhases = (
				C96AC6732D9B4F8300369BAD /* Sources */,
				C96AC6742D9B4F8300369BAD /* Frameworks */,
				C96AC6752D9B4F8300369BAD /* Resources */,
			);
			buildRules = (
			);
			dependencies = (
				C96AC6792D9B4F8300369BAD /* PBXTargetDependency */,
			);
			fileSystemSynchronizedGroups = (
				C96AC67A2D9B4F8300369BAD /* History RepublicUITests */,
			);
			name = "History RepublicUITests";
			packageProductDependencies = (
			);
			productName = "History RepublicUITests";
			productReference = C96AC6772D9B4F8300369BAD /* History RepublicUITests.xctest */;
			productType = "com.apple.product-type.bundle.ui-testing";
		};
/* End PBXNativeTarget section */

/* Begin PBXProject section */
		C96AC6552D9B4F8200369BAD /* Project object */ = {
			isa = PBXProject;
			attributes = {
				BuildIndependentTargetsInParallel = 1;
				LastSwiftUpdateCheck = 1610;
				LastUpgradeCheck = 1610;
				TargetAttributes = {
					C96AC65C2D9B4F8200369BAD = {
						CreatedOnToolsVersion = 16.1;
					};
					C96AC66C2D9B4F8300369BAD = {
						CreatedOnToolsVersion = 16.1;
						TestTargetID = C96AC65C2D9B4F8200369BAD;
					};
					C96AC6762D9B4F8300369BAD = {
						CreatedOnToolsVersion = 16.1;
						TestTargetID = C96AC65C2D9B4F8200369BAD;
					};
				};
			};
			buildConfigurationList = C96AC6582D9B4F8200369BAD /* Build configuration list for PBXProject "History Republic" */;
			developmentRegion = en;
			hasScannedForEncodings = 0;
			knownRegions = (
				en,
				Base,
			);
			mainGroup = C96AC6542D9B4F8200369BAD;
			minimizedProjectReferenceProxies = 1;
			packageReferences = (
				C96AC7D22D9B68E000369BAD /* XCRemoteSwiftPackageReference "keychain-swift" */,
			);
			preferredProjectObjectVersion = 77;
			productRefGroup = C96AC65E2D9B4F8200369BAD /* Products */;
			projectDirPath = "";
			projectRoot = "";
			targets = (
				C96AC65C2D9B4F8200369BAD /* History Republic */,
				C96AC66C2D9B4F8300369BAD /* History RepublicTests */,
				C96AC6762D9B4F8300369BAD /* History RepublicUITests */,
			);
		};
/* End PBXProject section */

/* Begin PBXResourcesBuildPhase section */
		C96AC65B2D9B4F8200369BAD /* Resources */ = {
			isa = PBXResourcesBuildPhase;
			buildActionMask = 2147483647;
			files = (
				C96AC6922D9B4FC300369BAD /* Preview Assets.xcassets in Resources */,
				C96AC6932D9B4FC300369BAD /* Assets.xcassets in Resources */,
			);
			runOnlyForDeploymentPostprocessing = 0;
		};
		C96AC66B2D9B4F8300369BAD /* Resources */ = {
			isa = PBXResourcesBuildPhase;
			buildActionMask = 2147483647;
			files = (
			);
			runOnlyForDeploymentPostprocessing = 0;
		};
		C96AC6752D9B4F8300369BAD /* Resources */ = {
			isa = PBXResourcesBuildPhase;
			buildActionMask = 2147483647;
			files = (
			);
			runOnlyForDeploymentPostprocessing = 0;
		};
/* End PBXResourcesBuildPhase section */

/* Begin PBXSourcesBuildPhase section */
		C96AC6592D9B4F8200369BAD /* Sources */ = {
			isa = PBXSourcesBuildPhase;
			buildActionMask = 2147483647;
			files = (
				C9B3E3B62D9C9F9100BC3096 /* ErrorView.swift in Sources */,
				C96AC7DF2D9B701400369BAD /* AppStateVM.swift in Sources */,
				C96AC7DD2D9B6AC700369BAD /* DefaultLoginRepository.swift in Sources */,
				C96AC7DA2D9B69DC00369BAD /* hrPersistenceKeyChain.swift in Sources */,
				C96AC6912D9B4FC300369BAD /* History_RepublicApp.swift in Sources */,
				C96AC7D82D9B696400369BAD /* LoginUseCase.swift in Sources */,
				C9B3E2D02D9C85AD00BC3096 /* HRError.swift in Sources */,
				C96AC7CF2D9B674D00369BAD /* NetworkLogin.swift in Sources */,
				C96AC7D62D9B693100369BAD /* LoginRepositoryProtocol.swift in Sources */,
				C96AC7C92D9B664C00369BAD /* HttpMethods.swift in Sources */,
				C96AC6A22D9B511300369BAD /* SplashView.swift in Sources */,
				C96AC7D12D9B68B700369BAD /* KeyChainKC.swift in Sources */,
				C96AC6D52D9B5A4F00369BAD /* LoginView.swift in Sources */,
				C96AC73F2D9B648400369BAD /* EndPoints.swift in Sources */,
				C96AC6C62D9B552600369BAD /* Color-Theme.swift in Sources */,
				C9B3E3502D9C93F000BC3096 /* RootView.swift in Sources */,
				C9B3E34C2D9C918D00BC3096 /* StatusModel.swift in Sources */,
				C96AC7CB2D9B665C00369BAD /* HttpResponseCodes.swift in Sources */,
				C9B3E3532D9C9D7B00BC3096 /* LoadingView.swift in Sources */,
				C96AC7CD2D9B66A300369BAD /* ConstantsApp.swift in Sources */,
			);
			runOnlyForDeploymentPostprocessing = 0;
		};
		C96AC6692D9B4F8300369BAD /* Sources */ = {
			isa = PBXSourcesBuildPhase;
			buildActionMask = 2147483647;
			files = (
			);
			runOnlyForDeploymentPostprocessing = 0;
		};
		C96AC6732D9B4F8300369BAD /* Sources */ = {
			isa = PBXSourcesBuildPhase;
			buildActionMask = 2147483647;
			files = (
			);
			runOnlyForDeploymentPostprocessing = 0;
		};
/* End PBXSourcesBuildPhase section */

/* Begin PBXTargetDependency section */
		C96AC66F2D9B4F8300369BAD /* PBXTargetDependency */ = {
			isa = PBXTargetDependency;
			target = C96AC65C2D9B4F8200369BAD /* History Republic */;
			targetProxy = C96AC66E2D9B4F8300369BAD /* PBXContainerItemProxy */;
		};
		C96AC6792D9B4F8300369BAD /* PBXTargetDependency */ = {
			isa = PBXTargetDependency;
			target = C96AC65C2D9B4F8200369BAD /* History Republic */;
			targetProxy = C96AC6782D9B4F8300369BAD /* PBXContainerItemProxy */;
		};
/* End PBXTargetDependency section */

/* Begin XCBuildConfiguration section */
		C96AC67F2D9B4F8300369BAD /* Debug */ = {
			isa = XCBuildConfiguration;
			buildSettings = {
				ALWAYS_SEARCH_USER_PATHS = NO;
				ASSETCATALOG_COMPILER_GENERATE_SWIFT_ASSET_SYMBOL_EXTENSIONS = YES;
				CLANG_ANALYZER_NONNULL = YES;
				CLANG_ANALYZER_NUMBER_OBJECT_CONVERSION = YES_AGGRESSIVE;
				CLANG_CXX_LANGUAGE_STANDARD = "gnu++20";
				CLANG_ENABLE_MODULES = YES;
				CLANG_ENABLE_OBJC_ARC = YES;
				CLANG_ENABLE_OBJC_WEAK = YES;
				CLANG_WARN_BLOCK_CAPTURE_AUTORELEASING = YES;
				CLANG_WARN_BOOL_CONVERSION = YES;
				CLANG_WARN_COMMA = YES;
				CLANG_WARN_CONSTANT_CONVERSION = YES;
				CLANG_WARN_DEPRECATED_OBJC_IMPLEMENTATIONS = YES;
				CLANG_WARN_DIRECT_OBJC_ISA_USAGE = YES_ERROR;
				CLANG_WARN_DOCUMENTATION_COMMENTS = YES;
				CLANG_WARN_EMPTY_BODY = YES;
				CLANG_WARN_ENUM_CONVERSION = YES;
				CLANG_WARN_INFINITE_RECURSION = YES;
				CLANG_WARN_INT_CONVERSION = YES;
				CLANG_WARN_NON_LITERAL_NULL_CONVERSION = YES;
				CLANG_WARN_OBJC_IMPLICIT_RETAIN_SELF = YES;
				CLANG_WARN_OBJC_LITERAL_CONVERSION = YES;
				CLANG_WARN_OBJC_ROOT_CLASS = YES_ERROR;
				CLANG_WARN_QUOTED_INCLUDE_IN_FRAMEWORK_HEADER = YES;
				CLANG_WARN_RANGE_LOOP_ANALYSIS = YES;
				CLANG_WARN_STRICT_PROTOTYPES = YES;
				CLANG_WARN_SUSPICIOUS_MOVE = YES;
				CLANG_WARN_UNGUARDED_AVAILABILITY = YES_AGGRESSIVE;
				CLANG_WARN_UNREACHABLE_CODE = YES;
				CLANG_WARN__DUPLICATE_METHOD_MATCH = YES;
				COPY_PHASE_STRIP = NO;
				DEBUG_INFORMATION_FORMAT = dwarf;
				ENABLE_STRICT_OBJC_MSGSEND = YES;
				ENABLE_TESTABILITY = YES;
				ENABLE_USER_SCRIPT_SANDBOXING = YES;
				GCC_C_LANGUAGE_STANDARD = gnu17;
				GCC_DYNAMIC_NO_PIC = NO;
				GCC_NO_COMMON_BLOCKS = YES;
				GCC_OPTIMIZATION_LEVEL = 0;
				GCC_PREPROCESSOR_DEFINITIONS = (
					"DEBUG=1",
					"$(inherited)",
				);
				GCC_WARN_64_TO_32_BIT_CONVERSION = YES;
				GCC_WARN_ABOUT_RETURN_TYPE = YES_ERROR;
				GCC_WARN_UNDECLARED_SELECTOR = YES;
				GCC_WARN_UNINITIALIZED_AUTOS = YES_AGGRESSIVE;
				GCC_WARN_UNUSED_FUNCTION = YES;
				GCC_WARN_UNUSED_VARIABLE = YES;
				IPHONEOS_DEPLOYMENT_TARGET = 18.1;
				LOCALIZATION_PREFERS_STRING_CATALOGS = YES;
				MTL_ENABLE_DEBUG_INFO = INCLUDE_SOURCE;
				MTL_FAST_MATH = YES;
				ONLY_ACTIVE_ARCH = YES;
				SDKROOT = iphoneos;
				SWIFT_ACTIVE_COMPILATION_CONDITIONS = "DEBUG $(inherited)";
				SWIFT_OPTIMIZATION_LEVEL = "-Onone";
			};
			name = Debug;
		};
		C96AC6802D9B4F8300369BAD /* Release */ = {
			isa = XCBuildConfiguration;
			buildSettings = {
				ALWAYS_SEARCH_USER_PATHS = NO;
				ASSETCATALOG_COMPILER_GENERATE_SWIFT_ASSET_SYMBOL_EXTENSIONS = YES;
				CLANG_ANALYZER_NONNULL = YES;
				CLANG_ANALYZER_NUMBER_OBJECT_CONVERSION = YES_AGGRESSIVE;
				CLANG_CXX_LANGUAGE_STANDARD = "gnu++20";
				CLANG_ENABLE_MODULES = YES;
				CLANG_ENABLE_OBJC_ARC = YES;
				CLANG_ENABLE_OBJC_WEAK = YES;
				CLANG_WARN_BLOCK_CAPTURE_AUTORELEASING = YES;
				CLANG_WARN_BOOL_CONVERSION = YES;
				CLANG_WARN_COMMA = YES;
				CLANG_WARN_CONSTANT_CONVERSION = YES;
				CLANG_WARN_DEPRECATED_OBJC_IMPLEMENTATIONS = YES;
				CLANG_WARN_DIRECT_OBJC_ISA_USAGE = YES_ERROR;
				CLANG_WARN_DOCUMENTATION_COMMENTS = YES;
				CLANG_WARN_EMPTY_BODY = YES;
				CLANG_WARN_ENUM_CONVERSION = YES;
				CLANG_WARN_INFINITE_RECURSION = YES;
				CLANG_WARN_INT_CONVERSION = YES;
				CLANG_WARN_NON_LITERAL_NULL_CONVERSION = YES;
				CLANG_WARN_OBJC_IMPLICIT_RETAIN_SELF = YES;
				CLANG_WARN_OBJC_LITERAL_CONVERSION = YES;
				CLANG_WARN_OBJC_ROOT_CLASS = YES_ERROR;
				CLANG_WARN_QUOTED_INCLUDE_IN_FRAMEWORK_HEADER = YES;
				CLANG_WARN_RANGE_LOOP_ANALYSIS = YES;
				CLANG_WARN_STRICT_PROTOTYPES = YES;
				CLANG_WARN_SUSPICIOUS_MOVE = YES;
				CLANG_WARN_UNGUARDED_AVAILABILITY = YES_AGGRESSIVE;
				CLANG_WARN_UNREACHABLE_CODE = YES;
				CLANG_WARN__DUPLICATE_METHOD_MATCH = YES;
				COPY_PHASE_STRIP = NO;
				DEBUG_INFORMATION_FORMAT = "dwarf-with-dsym";
				ENABLE_NS_ASSERTIONS = NO;
				ENABLE_STRICT_OBJC_MSGSEND = YES;
				ENABLE_USER_SCRIPT_SANDBOXING = YES;
				GCC_C_LANGUAGE_STANDARD = gnu17;
				GCC_NO_COMMON_BLOCKS = YES;
				GCC_WARN_64_TO_32_BIT_CONVERSION = YES;
				GCC_WARN_ABOUT_RETURN_TYPE = YES_ERROR;
				GCC_WARN_UNDECLARED_SELECTOR = YES;
				GCC_WARN_UNINITIALIZED_AUTOS = YES_AGGRESSIVE;
				GCC_WARN_UNUSED_FUNCTION = YES;
				GCC_WARN_UNUSED_VARIABLE = YES;
				IPHONEOS_DEPLOYMENT_TARGET = 18.1;
				LOCALIZATION_PREFERS_STRING_CATALOGS = YES;
				MTL_ENABLE_DEBUG_INFO = NO;
				MTL_FAST_MATH = YES;
				SDKROOT = iphoneos;
				SWIFT_COMPILATION_MODE = wholemodule;
				VALIDATE_PRODUCT = YES;
			};
			name = Release;
		};
		C96AC6822D9B4F8300369BAD /* Debug */ = {
			isa = XCBuildConfiguration;
			buildSettings = {
				ASSETCATALOG_COMPILER_APPICON_NAME = AppIcon;
				ASSETCATALOG_COMPILER_GLOBAL_ACCENT_COLOR_NAME = AccentColor;
				CODE_SIGN_STYLE = Automatic;
				CURRENT_PROJECT_VERSION = 1;
				DEVELOPMENT_ASSET_PATHS = "\"History Republic/Preview Content\"";
				DEVELOPMENT_TEAM = L5MH9KP95U;
				ENABLE_PREVIEWS = YES;
				GENERATE_INFOPLIST_FILE = YES;
				INFOPLIST_KEY_UIApplicationSceneManifest_Generation = YES;
				INFOPLIST_KEY_UIApplicationSupportsIndirectInputEvents = YES;
				INFOPLIST_KEY_UILaunchScreen_Generation = YES;
				INFOPLIST_KEY_UISupportedInterfaceOrientations_iPad = "UIInterfaceOrientationPortrait UIInterfaceOrientationPortraitUpsideDown UIInterfaceOrientationLandscapeLeft UIInterfaceOrientationLandscapeRight";
				INFOPLIST_KEY_UISupportedInterfaceOrientations_iPhone = "UIInterfaceOrientationPortrait UIInterfaceOrientationLandscapeLeft UIInterfaceOrientationLandscapeRight";
				LD_RUNPATH_SEARCH_PATHS = (
					"$(inherited)",
					"@executable_path/Frameworks",
				);
				MARKETING_VERSION = 1.0;
				PRODUCT_BUNDLE_IDENTIFIER = "com.kevinhe.History-Republic";
				PRODUCT_NAME = "$(TARGET_NAME)";
				SWIFT_EMIT_LOC_STRINGS = YES;
				SWIFT_VERSION = 5.0;
				TARGETED_DEVICE_FAMILY = "1,2";
			};
			name = Debug;
		};
		C96AC6832D9B4F8300369BAD /* Release */ = {
			isa = XCBuildConfiguration;
			buildSettings = {
				ASSETCATALOG_COMPILER_APPICON_NAME = AppIcon;
				ASSETCATALOG_COMPILER_GLOBAL_ACCENT_COLOR_NAME = AccentColor;
				CODE_SIGN_STYLE = Automatic;
				CURRENT_PROJECT_VERSION = 1;
				DEVELOPMENT_ASSET_PATHS = "\"History Republic/Preview Content\"";
				DEVELOPMENT_TEAM = L5MH9KP95U;
				ENABLE_PREVIEWS = YES;
				GENERATE_INFOPLIST_FILE = YES;
				INFOPLIST_KEY_UIApplicationSceneManifest_Generation = YES;
				INFOPLIST_KEY_UIApplicationSupportsIndirectInputEvents = YES;
				INFOPLIST_KEY_UILaunchScreen_Generation = YES;
				INFOPLIST_KEY_UISupportedInterfaceOrientations_iPad = "UIInterfaceOrientationPortrait UIInterfaceOrientationPortraitUpsideDown UIInterfaceOrientationLandscapeLeft UIInterfaceOrientationLandscapeRight";
				INFOPLIST_KEY_UISupportedInterfaceOrientations_iPhone = "UIInterfaceOrientationPortrait UIInterfaceOrientationLandscapeLeft UIInterfaceOrientationLandscapeRight";
				LD_RUNPATH_SEARCH_PATHS = (
					"$(inherited)",
					"@executable_path/Frameworks",
				);
				MARKETING_VERSION = 1.0;
				PRODUCT_BUNDLE_IDENTIFIER = "com.kevinhe.History-Republic";
				PRODUCT_NAME = "$(TARGET_NAME)";
				SWIFT_EMIT_LOC_STRINGS = YES;
				SWIFT_VERSION = 5.0;
				TARGETED_DEVICE_FAMILY = "1,2";
			};
			name = Release;
		};
		C96AC6852D9B4F8300369BAD /* Debug */ = {
			isa = XCBuildConfiguration;
			buildSettings = {
				BUNDLE_LOADER = "$(TEST_HOST)";
				CODE_SIGN_STYLE = Automatic;
				CURRENT_PROJECT_VERSION = 1;
				DEVELOPMENT_TEAM = L5MH9KP95U;
				GENERATE_INFOPLIST_FILE = YES;
				IPHONEOS_DEPLOYMENT_TARGET = 18.1;
				MARKETING_VERSION = 1.0;
				PRODUCT_BUNDLE_IDENTIFIER = "com.kevinhe.History-RepublicTests";
				PRODUCT_NAME = "$(TARGET_NAME)";
				SWIFT_EMIT_LOC_STRINGS = NO;
				SWIFT_VERSION = 5.0;
				TARGETED_DEVICE_FAMILY = "1,2";
				TEST_HOST = "$(BUILT_PRODUCTS_DIR)/History Republic.app/$(BUNDLE_EXECUTABLE_FOLDER_PATH)/History Republic";
			};
			name = Debug;
		};
		C96AC6862D9B4F8300369BAD /* Release */ = {
			isa = XCBuildConfiguration;
			buildSettings = {
				BUNDLE_LOADER = "$(TEST_HOST)";
				CODE_SIGN_STYLE = Automatic;
				CURRENT_PROJECT_VERSION = 1;
				DEVELOPMENT_TEAM = L5MH9KP95U;
				GENERATE_INFOPLIST_FILE = YES;
				IPHONEOS_DEPLOYMENT_TARGET = 18.1;
				MARKETING_VERSION = 1.0;
				PRODUCT_BUNDLE_IDENTIFIER = "com.kevinhe.History-RepublicTests";
				PRODUCT_NAME = "$(TARGET_NAME)";
				SWIFT_EMIT_LOC_STRINGS = NO;
				SWIFT_VERSION = 5.0;
				TARGETED_DEVICE_FAMILY = "1,2";
				TEST_HOST = "$(BUILT_PRODUCTS_DIR)/History Republic.app/$(BUNDLE_EXECUTABLE_FOLDER_PATH)/History Republic";
			};
			name = Release;
		};
		C96AC6882D9B4F8300369BAD /* Debug */ = {
			isa = XCBuildConfiguration;
			buildSettings = {
				CODE_SIGN_STYLE = Automatic;
				CURRENT_PROJECT_VERSION = 1;
				DEVELOPMENT_TEAM = L5MH9KP95U;
				GENERATE_INFOPLIST_FILE = YES;
				MARKETING_VERSION = 1.0;
				PRODUCT_BUNDLE_IDENTIFIER = "com.kevinhe.History-RepublicUITests";
				PRODUCT_NAME = "$(TARGET_NAME)";
				SWIFT_EMIT_LOC_STRINGS = NO;
				SWIFT_VERSION = 5.0;
				TARGETED_DEVICE_FAMILY = "1,2";
				TEST_TARGET_NAME = "History Republic";
			};
			name = Debug;
		};
		C96AC6892D9B4F8300369BAD /* Release */ = {
			isa = XCBuildConfiguration;
			buildSettings = {
				CODE_SIGN_STYLE = Automatic;
				CURRENT_PROJECT_VERSION = 1;
				DEVELOPMENT_TEAM = L5MH9KP95U;
				GENERATE_INFOPLIST_FILE = YES;
				MARKETING_VERSION = 1.0;
				PRODUCT_BUNDLE_IDENTIFIER = "com.kevinhe.History-RepublicUITests";
				PRODUCT_NAME = "$(TARGET_NAME)";
				SWIFT_EMIT_LOC_STRINGS = NO;
				SWIFT_VERSION = 5.0;
				TARGETED_DEVICE_FAMILY = "1,2";
				TEST_TARGET_NAME = "History Republic";
			};
			name = Release;
		};
/* End XCBuildConfiguration section */

/* Begin XCConfigurationList section */
		C96AC6582D9B4F8200369BAD /* Build configuration list for PBXProject "History Republic" */ = {
			isa = XCConfigurationList;
			buildConfigurations = (
				C96AC67F2D9B4F8300369BAD /* Debug */,
				C96AC6802D9B4F8300369BAD /* Release */,
			);
			defaultConfigurationIsVisible = 0;
			defaultConfigurationName = Release;
		};
		C96AC6812D9B4F8300369BAD /* Build configuration list for PBXNativeTarget "History Republic" */ = {
			isa = XCConfigurationList;
			buildConfigurations = (
				C96AC6822D9B4F8300369BAD /* Debug */,
				C96AC6832D9B4F8300369BAD /* Release */,
			);
			defaultConfigurationIsVisible = 0;
			defaultConfigurationName = Release;
		};
		C96AC6842D9B4F8300369BAD /* Build configuration list for PBXNativeTarget "History RepublicTests" */ = {
			isa = XCConfigurationList;
			buildConfigurations = (
				C96AC6852D9B4F8300369BAD /* Debug */,
				C96AC6862D9B4F8300369BAD /* Release */,
			);
			defaultConfigurationIsVisible = 0;
			defaultConfigurationName = Release;
		};
		C96AC6872D9B4F8300369BAD /* Build configuration list for PBXNativeTarget "History RepublicUITests" */ = {
			isa = XCConfigurationList;
			buildConfigurations = (
				C96AC6882D9B4F8300369BAD /* Debug */,
				C96AC6892D9B4F8300369BAD /* Release */,
			);
			defaultConfigurationIsVisible = 0;
			defaultConfigurationName = Release;
		};
/* End XCConfigurationList section */

/* Begin XCRemoteSwiftPackageReference section */
		C96AC7D22D9B68E000369BAD /* XCRemoteSwiftPackageReference "keychain-swift" */ = {
			isa = XCRemoteSwiftPackageReference;
			repositoryURL = "https://github.com/evgenyneu/keychain-swift.git";
			requirement = {
				kind = upToNextMajorVersion;
				minimumVersion = 24.0.0;
			};
		};
/* End XCRemoteSwiftPackageReference section */

/* Begin XCSwiftPackageProductDependency section */
		C96AC7D32D9B68E000369BAD /* KeychainSwift */ = {
			isa = XCSwiftPackageProductDependency;
			package = C96AC7D22D9B68E000369BAD /* XCRemoteSwiftPackageReference "keychain-swift" */;
			productName = KeychainSwift;
		};
/* End XCSwiftPackageProductDependency section */
	};
	rootObject = C96AC6552D9B4F8200369BAD /* Project object */;
}
