// !$*UTF8*$!
{
	archiveVersion = 1;
	classes = {
	};
	objectVersion = 77;
	objects = {

/* Begin PBXBuildFile section */
		BF0B4B912E1EF6AF00A1BB5E /* SessionStore.swift in Sources */ = {isa = PBXBuildFile; fileRef = BF0B4B902E1EF6A900A1BB5E /* SessionStore.swift */; };
		BF1C72AA2E1579430008D806 /* WebView.swift in Sources */ = {isa = PBXBuildFile; fileRef = BF1C72A92E1579400008D806 /* WebView.swift */; };
		BF1C72AC2E1579630008D806 /* HeroDetailView.swift in Sources */ = {isa = PBXBuildFile; fileRef = BF1C72AB2E1579630008D806 /* HeroDetailView.swift */; };
		BF1C72AE2E1587E40008D806 /* Font-Theme.swift in Sources */ = {isa = PBXBuildFile; fileRef = BF1C72AD2E1587DE0008D806 /* Font-Theme.swift */; };
		BF1C72B02E15A1FA0008D806 /* UserProfileService.swift in Sources */ = {isa = PBXBuildFile; fileRef = BF1C72AF2E15A1F50008D806 /* UserProfileService.swift */; };
		BF1C72B22E15A4CF0008D806 /* UserResponse.swift in Sources */ = {isa = PBXBuildFile; fileRef = BF1C72B12E15A4C20008D806 /* UserResponse.swift */; };
		BF1C72B42E15A6250008D806 /* UserRequest.swift in Sources */ = {isa = PBXBuildFile; fileRef = BF1C72B32E15A6210008D806 /* UserRequest.swift */; };
		BFAD1BCE2E15BE070036C2A3 /* UserProfileServiceRepository.swift in Sources */ = {isa = PBXBuildFile; fileRef = BFAD1BCD2E15BE010036C2A3 /* UserProfileServiceRepository.swift */; };
		BFAD1BD02E15BFFE0036C2A3 /* UserProfileServiceRepositoryProtocol.swift in Sources */ = {isa = PBXBuildFile; fileRef = BFAD1BCF2E15BFF60036C2A3 /* UserProfileServiceRepositoryProtocol.swift */; };
		BFAD1BD22E15C0A90036C2A3 /* UserProfileServiceUseCase.swift in Sources */ = {isa = PBXBuildFile; fileRef = BFAD1BD12E15C09C0036C2A3 /* UserProfileServiceUseCase.swift */; };
		BFAD1BDA2E15CE130036C2A3 /* UserProfileViewModel.swift in Sources */ = {isa = PBXBuildFile; fileRef = BFAD1BD92E15CE060036C2A3 /* UserProfileViewModel.swift */; };
		BFC785E42E300A2E00FAC0FB /* Localizable.strings in Resources */ = {isa = PBXBuildFile; fileRef = BFC785E22E300A2E00FAC0FB /* Localizable.strings */; };
		C905B8092DA88D950034EB14 /* DefaultProfileView.swift in Sources */ = {isa = PBXBuildFile; fileRef = C905B8082DA88D950034EB14 /* DefaultProfileView.swift */; };
		C92E12D92E15CCB3001BEA10 /* FavoriteService.swift in Sources */ = {isa = PBXBuildFile; fileRef = C92E12D82E15CCB3001BEA10 /* FavoriteService.swift */; };
		C938925C2DA9CCD90094C753 /* RegisterUserView.swift in Sources */ = {isa = PBXBuildFile; fileRef = C938925B2DA9CCD90094C753 /* RegisterUserView.swift */; };
		C93892602DA9CFA40094C753 /* CustomTextField.swift in Sources */ = {isa = PBXBuildFile; fileRef = C938925F2DA9CFA40094C753 /* CustomTextField.swift */; };
		C93892622DA9D0E30094C753 /* CustomSecureField.swift in Sources */ = {isa = PBXBuildFile; fileRef = C93892612DA9D0E30094C753 /* CustomSecureField.swift */; };
		C93892642DA9D1AF0094C753 /* CustomButton.swift in Sources */ = {isa = PBXBuildFile; fileRef = C93892632DA9D1AF0094C753 /* CustomButton.swift */; };
		C94697E12E21F38800AACE45 /* ErrorLoadingView.swift in Sources */ = {isa = PBXBuildFile; fileRef = C94697E02E21F38800AACE45 /* ErrorLoadingView.swift */; };
		C95DD0542DAB0B26001366FC /* UserAuthService.swift in Sources */ = {isa = PBXBuildFile; fileRef = C95DD0532DAB0B26001366FC /* UserAuthService.swift */; };
		C95DD0562DAB0D7C001366FC /* RegisterRequest.swift in Sources */ = {isa = PBXBuildFile; fileRef = C95DD0552DAB0D7C001366FC /* RegisterRequest.swift */; };
		C96154FE2D9ED4FD00BF755D /* AuthTokenResponse.swift in Sources */ = {isa = PBXBuildFile; fileRef = C96154FD2D9ED4FD00BF755D /* AuthTokenResponse.swift */; };
		C96155002D9ED50E00BF755D /* HeroResponse.swift in Sources */ = {isa = PBXBuildFile; fileRef = C96154FF2D9ED50E00BF755D /* HeroResponse.swift */; };
		C96155632D9ED67E00BF755D /* HeroService.swift in Sources */ = {isa = PBXBuildFile; fileRef = C96155622D9ED67E00BF755D /* HeroService.swift */; };
		C96155652D9EDCAD00BF755D /* HeroServiceRepository.swift in Sources */ = {isa = PBXBuildFile; fileRef = C96155642D9EDCAD00BF755D /* HeroServiceRepository.swift */; };
		C96155672D9EDCEA00BF755D /* HeroServiceRepositoryProtocol.swift in Sources */ = {isa = PBXBuildFile; fileRef = C96155662D9EDCEA00BF755D /* HeroServiceRepositoryProtocol.swift */; };
		C96155692D9EDFD400BF755D /* HeroServiceUseCase.swift in Sources */ = {isa = PBXBuildFile; fileRef = C96155682D9EDFD400BF755D /* HeroServiceUseCase.swift */; };
		C961556B2D9EE13700BF755D /* HeroesViewModel.swift in Sources */ = {isa = PBXBuildFile; fileRef = C961556A2D9EE13700BF755D /* HeroesViewModel.swift */; };
		C96155902D9EE25800BF755D /* HeroRowView.swift in Sources */ = {isa = PBXBuildFile; fileRef = C961558F2D9EE25800BF755D /* HeroRowView.swift */; };
		C961B62E2E15BC6B00738076 /* UserProfileView.swift in Sources */ = {isa = PBXBuildFile; fileRef = C961B62D2E15BC6B00738076 /* UserProfileView.swift */; };
		C96AC6912D9B4FC300369BAD /* History_RepublicApp.swift in Sources */ = {isa = PBXBuildFile; fileRef = C96AC68E2D9B4FC300369BAD /* History_RepublicApp.swift */; };
		C96AC6922D9B4FC300369BAD /* Preview Assets.xcassets in Resources */ = {isa = PBXBuildFile; fileRef = C96AC68A2D9B4FC300369BAD /* Preview Assets.xcassets */; };
		C96AC6932D9B4FC300369BAD /* Assets.xcassets in Resources */ = {isa = PBXBuildFile; fileRef = C96AC68C2D9B4FC300369BAD /* Assets.xcassets */; };
		C96AC6A22D9B511300369BAD /* SplashView.swift in Sources */ = {isa = PBXBuildFile; fileRef = C96AC6A12D9B511300369BAD /* SplashView.swift */; };
		C96AC6C62D9B552600369BAD /* Color-Theme.swift in Sources */ = {isa = PBXBuildFile; fileRef = C96AC6C52D9B552600369BAD /* Color-Theme.swift */; };
		C96AC6D52D9B5A4F00369BAD /* LoginView.swift in Sources */ = {isa = PBXBuildFile; fileRef = C96AC6D42D9B5A4F00369BAD /* LoginView.swift */; };
		C96AC73F2D9B648400369BAD /* EndPoints.swift in Sources */ = {isa = PBXBuildFile; fileRef = C96AC73E2D9B648400369BAD /* EndPoints.swift */; };
		C96AC7C92D9B664C00369BAD /* HttpMethods.swift in Sources */ = {isa = PBXBuildFile; fileRef = C96AC7C82D9B664C00369BAD /* HttpMethods.swift */; };
		C96AC7CB2D9B665C00369BAD /* HttpResponseCodes.swift in Sources */ = {isa = PBXBuildFile; fileRef = C96AC7CA2D9B665C00369BAD /* HttpResponseCodes.swift */; };
		C96AC7CD2D9B66A300369BAD /* ConstantsApp.swift in Sources */ = {isa = PBXBuildFile; fileRef = C96AC7CC2D9B66A300369BAD /* ConstantsApp.swift */; };
		C96AC7D12D9B68B700369BAD /* KeyChainKC.swift in Sources */ = {isa = PBXBuildFile; fileRef = C96AC7D02D9B68B700369BAD /* KeyChainKC.swift */; };
		C96AC7D42D9B68E000369BAD /* KeychainSwift in Frameworks */ = {isa = PBXBuildFile; productRef = C96AC7D32D9B68E000369BAD /* KeychainSwift */; };
		C96AC7DA2D9B69DC00369BAD /* hrPersistenceKeyChain.swift in Sources */ = {isa = PBXBuildFile; fileRef = C96AC7D92D9B69DC00369BAD /* hrPersistenceKeyChain.swift */; };
		C96AC7DF2D9B701400369BAD /* AppStateVM.swift in Sources */ = {isa = PBXBuildFile; fileRef = C96AC7DE2D9B701400369BAD /* AppStateVM.swift */; };
		C9A0AD0E2E16CE97003E843D /* LoadingProgressView.swift in Sources */ = {isa = PBXBuildFile; fileRef = C9A0AD0D2E16CE97003E843D /* LoadingProgressView.swift */; };
		C9A0AD102E16D035003E843D /* Enums.swift in Sources */ = {isa = PBXBuildFile; fileRef = C9A0AD0F2E16D035003E843D /* Enums.swift */; };
		C9A0AD132E16DA6A003E843D /* FavoritesManager.swift in Sources */ = {isa = PBXBuildFile; fileRef = C9A0AD122E16DA6A003E843D /* FavoritesManager.swift */; };
		C9A0AD152E16F5DB003E843D /* FavoriteServiceRepository.swift in Sources */ = {isa = PBXBuildFile; fileRef = C9A0AD142E16F5DB003E843D /* FavoriteServiceRepository.swift */; };
		C9A0AD172E16F638003E843D /* FavoriteServiceRepositoryProtocol.swift in Sources */ = {isa = PBXBuildFile; fileRef = C9A0AD162E16F638003E843D /* FavoriteServiceRepositoryProtocol.swift */; };
		C9A0AD192E16F6A1003E843D /* FavoriteServiceUseCase.swift in Sources */ = {isa = PBXBuildFile; fileRef = C9A0AD182E16F6A1003E843D /* FavoriteServiceUseCase.swift */; };
		C9AB7D352DAB3FAD003D6C5E /* NetworkService.swift in Sources */ = {isa = PBXBuildFile; fileRef = C9AB7D342DAB3FAD003D6C5E /* NetworkService.swift */; };
		C9AB7D432DAB4316003D6C5E /* UserAuthServiceRepositoryProtocol.swift in Sources */ = {isa = PBXBuildFile; fileRef = C9AB7D422DAB4316003D6C5E /* UserAuthServiceRepositoryProtocol.swift */; };
		C9AB7D452DAB4336003D6C5E /* UserAuthServiceUseCase.swift in Sources */ = {isa = PBXBuildFile; fileRef = C9AB7D442DAB4336003D6C5E /* UserAuthServiceUseCase.swift */; };
		C9AB7D472DAB43D7003D6C5E /* UserAuthServiceRepository.swift in Sources */ = {isa = PBXBuildFile; fileRef = C9AB7D462DAB43D7003D6C5E /* UserAuthServiceRepository.swift */; };
		C9AB7D492DAB49B8003D6C5E /* UserAuthViewModel.swift in Sources */ = {isa = PBXBuildFile; fileRef = C9AB7D482DAB49B8003D6C5E /* UserAuthViewModel.swift */; };
		C9B3E2D02D9C85AD00BC3096 /* HRError.swift in Sources */ = {isa = PBXBuildFile; fileRef = C9B3E2CF2D9C85AD00BC3096 /* HRError.swift */; };
		C9B3E34C2D9C918D00BC3096 /* StatusModel.swift in Sources */ = {isa = PBXBuildFile; fileRef = C9B3E34B2D9C918D00BC3096 /* StatusModel.swift */; };
		C9B3E3502D9C93F000BC3096 /* RootView.swift in Sources */ = {isa = PBXBuildFile; fileRef = C9B3E34F2D9C93F000BC3096 /* RootView.swift */; };
		C9B3E3532D9C9D7B00BC3096 /* LoadingView.swift in Sources */ = {isa = PBXBuildFile; fileRef = C9B3E3522D9C9D7B00BC3096 /* LoadingView.swift */; };
		C9B3E3B62D9C9F9100BC3096 /* ErrorView.swift in Sources */ = {isa = PBXBuildFile; fileRef = C9B3E3B52D9C9F9100BC3096 /* ErrorView.swift */; };
		C9B3E3BB2D9CA6A600BC3096 /* HeroListView.swift in Sources */ = {isa = PBXBuildFile; fileRef = C9B3E3BA2D9CA6A600BC3096 /* HeroListView.swift */; };
		C9B6994D2DA7483C000CDB68 /* TabBarView.swift in Sources */ = {isa = PBXBuildFile; fileRef = C9B6994C2DA7483C000CDB68 /* TabBarView.swift */; };
		C9B6994F2DA74C59000CDB68 /* FavoriteView.swift in Sources */ = {isa = PBXBuildFile; fileRef = C9B6994E2DA74C59000CDB68 /* FavoriteView.swift */; };
		C9CF863A2E1C764600348736 /* FavoriteButton.swift in Sources */ = {isa = PBXBuildFile; fileRef = C9CF86392E1C764600348736 /* FavoriteButton.swift */; };
		C9CF86642E1C787700348736 /* EditUserProfileView.swift in Sources */ = {isa = PBXBuildFile; fileRef = C9CF86632E1C787700348736 /* EditUserProfileView.swift */; };
		C9CF86662E1C78AA00348736 /* TermsOfUseView.swift in Sources */ = {isa = PBXBuildFile; fileRef = C9CF86652E1C78AA00348736 /* TermsOfUseView.swift */; };
/* End PBXBuildFile section */

/* Begin PBXContainerItemProxy section */
		C96AC66E2D9B4F8300369BAD /* PBXContainerItemProxy */ = {
			isa = PBXContainerItemProxy;
			containerPortal = C96AC6552D9B4F8200369BAD /* Project object */;
			proxyType = 1;
			remoteGlobalIDString = C96AC65C2D9B4F8200369BAD;
			remoteInfo = "History Republic";
		};
		C96AC6782D9B4F8300369BAD /* PBXContainerItemProxy */ = {
			isa = PBXContainerItemProxy;
			containerPortal = C96AC6552D9B4F8200369BAD /* Project object */;
			proxyType = 1;
			remoteGlobalIDString = C96AC65C2D9B4F8200369BAD;
			remoteInfo = "History Republic";
		};
/* End PBXContainerItemProxy section */

/* Begin PBXFileReference section */
		BF0B4B902E1EF6A900A1BB5E /* SessionStore.swift */ = {isa = PBXFileReference; lastKnownFileType = sourcecode.swift; path = SessionStore.swift; sourceTree = "<group>"; };
		BF1C72A92E1579400008D806 /* WebView.swift */ = {isa = PBXFileReference; lastKnownFileType = sourcecode.swift; path = WebView.swift; sourceTree = "<group>"; };
		BF1C72AB2E1579630008D806 /* HeroDetailView.swift */ = {isa = PBXFileReference; lastKnownFileType = sourcecode.swift; path = HeroDetailView.swift; sourceTree = "<group>"; };
		BF1C72AD2E1587DE0008D806 /* Font-Theme.swift */ = {isa = PBXFileReference; lastKnownFileType = sourcecode.swift; path = "Font-Theme.swift"; sourceTree = "<group>"; };
		BF1C72AF2E15A1F50008D806 /* UserProfileService.swift */ = {isa = PBXFileReference; lastKnownFileType = sourcecode.swift; path = UserProfileService.swift; sourceTree = "<group>"; };
		BF1C72B12E15A4C20008D806 /* UserResponse.swift */ = {isa = PBXFileReference; lastKnownFileType = sourcecode.swift; path = UserResponse.swift; sourceTree = "<group>"; };
		BF1C72B32E15A6210008D806 /* UserRequest.swift */ = {isa = PBXFileReference; lastKnownFileType = sourcecode.swift; path = UserRequest.swift; sourceTree = "<group>"; };
		BFAD1BCD2E15BE010036C2A3 /* UserProfileServiceRepository.swift */ = {isa = PBXFileReference; lastKnownFileType = sourcecode.swift; path = UserProfileServiceRepository.swift; sourceTree = "<group>"; };
		BFAD1BCF2E15BFF60036C2A3 /* UserProfileServiceRepositoryProtocol.swift */ = {isa = PBXFileReference; lastKnownFileType = sourcecode.swift; path = UserProfileServiceRepositoryProtocol.swift; sourceTree = "<group>"; };
		BFAD1BD12E15C09C0036C2A3 /* UserProfileServiceUseCase.swift */ = {isa = PBXFileReference; lastKnownFileType = sourcecode.swift; path = UserProfileServiceUseCase.swift; sourceTree = "<group>"; };
		BFAD1BD92E15CE060036C2A3 /* UserProfileViewModel.swift */ = {isa = PBXFileReference; lastKnownFileType = sourcecode.swift; path = UserProfileViewModel.swift; sourceTree = "<group>"; };
		BFC785E32E300A2E00FAC0FB /* en */ = {isa = PBXFileReference; lastKnownFileType = text.plist.strings; name = en; path = en.lproj/Localizable.strings; sourceTree = "<group>"; };
		BFC785E52E300AA200FAC0FB /* es-419 */ = {isa = PBXFileReference; lastKnownFileType = text.plist.strings; name = "es-419"; path = "es-419.lproj/Localizable.strings"; sourceTree = "<group>"; };
		C905B8082DA88D950034EB14 /* DefaultProfileView.swift */ = {isa = PBXFileReference; lastKnownFileType = sourcecode.swift; path = DefaultProfileView.swift; sourceTree = "<group>"; };
		C92E12D82E15CCB3001BEA10 /* FavoriteService.swift */ = {isa = PBXFileReference; lastKnownFileType = sourcecode.swift; path = FavoriteService.swift; sourceTree = "<group>"; };
		C938925B2DA9CCD90094C753 /* RegisterUserView.swift */ = {isa = PBXFileReference; lastKnownFileType = sourcecode.swift; path = RegisterUserView.swift; sourceTree = "<group>"; };
		C938925F2DA9CFA40094C753 /* CustomTextField.swift */ = {isa = PBXFileReference; lastKnownFileType = sourcecode.swift; path = CustomTextField.swift; sourceTree = "<group>"; };
		C93892612DA9D0E30094C753 /* CustomSecureField.swift */ = {isa = PBXFileReference; lastKnownFileType = sourcecode.swift; path = CustomSecureField.swift; sourceTree = "<group>"; };
		C93892632DA9D1AF0094C753 /* CustomButton.swift */ = {isa = PBXFileReference; lastKnownFileType = sourcecode.swift; path = CustomButton.swift; sourceTree = "<group>"; };
		C94697E02E21F38800AACE45 /* ErrorLoadingView.swift */ = {isa = PBXFileReference; lastKnownFileType = sourcecode.swift; path = ErrorLoadingView.swift; sourceTree = "<group>"; };
		C95DD0532DAB0B26001366FC /* UserAuthService.swift */ = {isa = PBXFileReference; lastKnownFileType = sourcecode.swift; path = UserAuthService.swift; sourceTree = "<group>"; };
		C95DD0552DAB0D7C001366FC /* RegisterRequest.swift */ = {isa = PBXFileReference; lastKnownFileType = sourcecode.swift; path = RegisterRequest.swift; sourceTree = "<group>"; };
		C96154FD2D9ED4FD00BF755D /* AuthTokenResponse.swift */ = {isa = PBXFileReference; lastKnownFileType = sourcecode.swift; path = AuthTokenResponse.swift; sourceTree = "<group>"; };
		C96154FF2D9ED50E00BF755D /* HeroResponse.swift */ = {isa = PBXFileReference; lastKnownFileType = sourcecode.swift; path = HeroResponse.swift; sourceTree = "<group>"; };
		C96155622D9ED67E00BF755D /* HeroService.swift */ = {isa = PBXFileReference; lastKnownFileType = sourcecode.swift; path = HeroService.swift; sourceTree = "<group>"; };
		C96155642D9EDCAD00BF755D /* HeroServiceRepository.swift */ = {isa = PBXFileReference; lastKnownFileType = sourcecode.swift; path = HeroServiceRepository.swift; sourceTree = "<group>"; };
		C96155662D9EDCEA00BF755D /* HeroServiceRepositoryProtocol.swift */ = {isa = PBXFileReference; lastKnownFileType = sourcecode.swift; path = HeroServiceRepositoryProtocol.swift; sourceTree = "<group>"; };
		C96155682D9EDFD400BF755D /* HeroServiceUseCase.swift */ = {isa = PBXFileReference; lastKnownFileType = sourcecode.swift; path = HeroServiceUseCase.swift; sourceTree = "<group>"; };
		C961556A2D9EE13700BF755D /* HeroesViewModel.swift */ = {isa = PBXFileReference; lastKnownFileType = sourcecode.swift; path = HeroesViewModel.swift; sourceTree = "<group>"; };
		C961558F2D9EE25800BF755D /* HeroRowView.swift */ = {isa = PBXFileReference; lastKnownFileType = sourcecode.swift; path = HeroRowView.swift; sourceTree = "<group>"; };
		C961B62D2E15BC6B00738076 /* UserProfileView.swift */ = {isa = PBXFileReference; lastKnownFileType = sourcecode.swift; path = UserProfileView.swift; sourceTree = "<group>"; };
		C96AC65D2D9B4F8200369BAD /* History Republic.app */ = {isa = PBXFileReference; explicitFileType = wrapper.application; includeInIndex = 0; path = "History Republic.app"; sourceTree = BUILT_PRODUCTS_DIR; };
		C96AC66D2D9B4F8300369BAD /* History RepublicTests.xctest */ = {isa = PBXFileReference; explicitFileType = wrapper.cfbundle; includeInIndex = 0; path = "History RepublicTests.xctest"; sourceTree = BUILT_PRODUCTS_DIR; };
		C96AC6772D9B4F8300369BAD /* History RepublicUITests.xctest */ = {isa = PBXFileReference; explicitFileType = wrapper.cfbundle; includeInIndex = 0; path = "History RepublicUITests.xctest"; sourceTree = BUILT_PRODUCTS_DIR; };
		C96AC68A2D9B4FC300369BAD /* Preview Assets.xcassets */ = {isa = PBXFileReference; lastKnownFileType = folder.assetcatalog; path = "Preview Assets.xcassets"; sourceTree = "<group>"; };
		C96AC68C2D9B4FC300369BAD /* Assets.xcassets */ = {isa = PBXFileReference; lastKnownFileType = folder.assetcatalog; path = Assets.xcassets; sourceTree = "<group>"; };
		C96AC68E2D9B4FC300369BAD /* History_RepublicApp.swift */ = {isa = PBXFileReference; lastKnownFileType = sourcecode.swift; path = History_RepublicApp.swift; sourceTree = "<group>"; };
		C96AC6A12D9B511300369BAD /* SplashView.swift */ = {isa = PBXFileReference; lastKnownFileType = sourcecode.swift; path = SplashView.swift; sourceTree = "<group>"; };
		C96AC6C52D9B552600369BAD /* Color-Theme.swift */ = {isa = PBXFileReference; lastKnownFileType = sourcecode.swift; path = "Color-Theme.swift"; sourceTree = "<group>"; };
		C96AC6D42D9B5A4F00369BAD /* LoginView.swift */ = {isa = PBXFileReference; lastKnownFileType = sourcecode.swift; path = LoginView.swift; sourceTree = "<group>"; };
		C96AC73E2D9B648400369BAD /* EndPoints.swift */ = {isa = PBXFileReference; lastKnownFileType = sourcecode.swift; path = EndPoints.swift; sourceTree = "<group>"; };
		C96AC7C82D9B664C00369BAD /* HttpMethods.swift */ = {isa = PBXFileReference; lastKnownFileType = sourcecode.swift; path = HttpMethods.swift; sourceTree = "<group>"; };
		C96AC7CA2D9B665C00369BAD /* HttpResponseCodes.swift */ = {isa = PBXFileReference; lastKnownFileType = sourcecode.swift; path = HttpResponseCodes.swift; sourceTree = "<group>"; };
		C96AC7CC2D9B66A300369BAD /* ConstantsApp.swift */ = {isa = PBXFileReference; lastKnownFileType = sourcecode.swift; path = ConstantsApp.swift; sourceTree = "<group>"; };
		C96AC7D02D9B68B700369BAD /* KeyChainKC.swift */ = {isa = PBXFileReference; lastKnownFileType = sourcecode.swift; path = KeyChainKC.swift; sourceTree = "<group>"; };
		C96AC7D92D9B69DC00369BAD /* hrPersistenceKeyChain.swift */ = {isa = PBXFileReference; lastKnownFileType = sourcecode.swift; path = hrPersistenceKeyChain.swift; sourceTree = "<group>"; };
		C96AC7DE2D9B701400369BAD /* AppStateVM.swift */ = {isa = PBXFileReference; lastKnownFileType = sourcecode.swift; path = AppStateVM.swift; sourceTree = "<group>"; };
		C9A0AD0D2E16CE97003E843D /* LoadingProgressView.swift */ = {isa = PBXFileReference; lastKnownFileType = sourcecode.swift; path = LoadingProgressView.swift; sourceTree = "<group>"; };
		C9A0AD0F2E16D035003E843D /* Enums.swift */ = {isa = PBXFileReference; lastKnownFileType = sourcecode.swift; path = Enums.swift; sourceTree = "<group>"; };
		C9A0AD122E16DA6A003E843D /* FavoritesManager.swift */ = {isa = PBXFileReference; lastKnownFileType = sourcecode.swift; path = FavoritesManager.swift; sourceTree = "<group>"; };
		C9A0AD142E16F5DB003E843D /* FavoriteServiceRepository.swift */ = {isa = PBXFileReference; lastKnownFileType = sourcecode.swift; path = FavoriteServiceRepository.swift; sourceTree = "<group>"; };
		C9A0AD162E16F638003E843D /* FavoriteServiceRepositoryProtocol.swift */ = {isa = PBXFileReference; lastKnownFileType = sourcecode.swift; path = FavoriteServiceRepositoryProtocol.swift; sourceTree = "<group>"; };
		C9A0AD182E16F6A1003E843D /* FavoriteServiceUseCase.swift */ = {isa = PBXFileReference; lastKnownFileType = sourcecode.swift; path = FavoriteServiceUseCase.swift; sourceTree = "<group>"; };
		C9AB7D342DAB3FAD003D6C5E /* NetworkService.swift */ = {isa = PBXFileReference; lastKnownFileType = sourcecode.swift; path = NetworkService.swift; sourceTree = "<group>"; };
		C9AB7D422DAB4316003D6C5E /* UserAuthServiceRepositoryProtocol.swift */ = {isa = PBXFileReference; lastKnownFileType = sourcecode.swift; path = UserAuthServiceRepositoryProtocol.swift; sourceTree = "<group>"; };
		C9AB7D442DAB4336003D6C5E /* UserAuthServiceUseCase.swift */ = {isa = PBXFileReference; lastKnownFileType = sourcecode.swift; path = UserAuthServiceUseCase.swift; sourceTree = "<group>"; };
		C9AB7D462DAB43D7003D6C5E /* UserAuthServiceRepository.swift */ = {isa = PBXFileReference; lastKnownFileType = sourcecode.swift; path = UserAuthServiceRepository.swift; sourceTree = "<group>"; };
		C9AB7D482DAB49B8003D6C5E /* UserAuthViewModel.swift */ = {isa = PBXFileReference; lastKnownFileType = sourcecode.swift; path = UserAuthViewModel.swift; sourceTree = "<group>"; };
		C9B3E2CF2D9C85AD00BC3096 /* HRError.swift */ = {isa = PBXFileReference; lastKnownFileType = sourcecode.swift; path = HRError.swift; sourceTree = "<group>"; };
		C9B3E34B2D9C918D00BC3096 /* StatusModel.swift */ = {isa = PBXFileReference; lastKnownFileType = sourcecode.swift; path = StatusModel.swift; sourceTree = "<group>"; };
		C9B3E34F2D9C93F000BC3096 /* RootView.swift */ = {isa = PBXFileReference; lastKnownFileType = sourcecode.swift; path = RootView.swift; sourceTree = "<group>"; };
		C9B3E3522D9C9D7B00BC3096 /* LoadingView.swift */ = {isa = PBXFileReference; lastKnownFileType = sourcecode.swift; path = LoadingView.swift; sourceTree = "<group>"; };
		C9B3E3B52D9C9F9100BC3096 /* ErrorView.swift */ = {isa = PBXFileReference; lastKnownFileType = sourcecode.swift; path = ErrorView.swift; sourceTree = "<group>"; };
		C9B3E3BA2D9CA6A600BC3096 /* HeroListView.swift */ = {isa = PBXFileReference; lastKnownFileType = sourcecode.swift; path = HeroListView.swift; sourceTree = "<group>"; };
		C9B6994C2DA7483C000CDB68 /* TabBarView.swift */ = {isa = PBXFileReference; lastKnownFileType = sourcecode.swift; path = TabBarView.swift; sourceTree = "<group>"; };
		C9B6994E2DA74C59000CDB68 /* FavoriteView.swift */ = {isa = PBXFileReference; lastKnownFileType = sourcecode.swift; path = FavoriteView.swift; sourceTree = "<group>"; };
		C9CF86392E1C764600348736 /* FavoriteButton.swift */ = {isa = PBXFileReference; lastKnownFileType = sourcecode.swift; path = FavoriteButton.swift; sourceTree = "<group>"; };
		C9CF86632E1C787700348736 /* EditUserProfileView.swift */ = {isa = PBXFileReference; lastKnownFileType = sourcecode.swift; path = EditUserProfileView.swift; sourceTree = "<group>"; };
		C9CF86652E1C78AA00348736 /* TermsOfUseView.swift */ = {isa = PBXFileReference; lastKnownFileType = sourcecode.swift; path = TermsOfUseView.swift; sourceTree = "<group>"; };
/* End PBXFileReference section */

/* Begin PBXFileSystemSynchronizedRootGroup section */
		C96AC6702D9B4F8300369BAD /* History RepublicTests */ = {
			isa = PBXFileSystemSynchronizedRootGroup;
			path = "History RepublicTests";
			sourceTree = "<group>";
		};
		C96AC67A2D9B4F8300369BAD /* History RepublicUITests */ = {
			isa = PBXFileSystemSynchronizedRootGroup;
			path = "History RepublicUITests";
			sourceTree = "<group>";
		};
/* End PBXFileSystemSynchronizedRootGroup section */

/* Begin PBXFrameworksBuildPhase section */
		C96AC65A2D9B4F8200369BAD /* Frameworks */ = {
			isa = PBXFrameworksBuildPhase;
			buildActionMask = 2147483647;
			files = (
				C96AC7D42D9B68E000369BAD /* KeychainSwift in Frameworks */,
			);
			runOnlyForDeploymentPostprocessing = 0;
		};
		C96AC66A2D9B4F8300369BAD /* Frameworks */ = {
			isa = PBXFrameworksBuildPhase;
			buildActionMask = 2147483647;
			files = (
			);
			runOnlyForDeploymentPostprocessing = 0;
		};
		C96AC6742D9B4F8300369BAD /* Frameworks */ = {
			isa = PBXFrameworksBuildPhase;
			buildActionMask = 2147483647;
			files = (
			);
			runOnlyForDeploymentPostprocessing = 0;
		};
/* End PBXFrameworksBuildPhase section */

/* Begin PBXGroup section */
		BF1C729B2E1572BA0008D806 /* App */ = {
			isa = PBXGroup;
			children = (
				BF0B4B902E1EF6A900A1BB5E /* SessionStore.swift */,
				C96AC7DE2D9B701400369BAD /* AppStateVM.swift */,
				C9B3E34F2D9C93F000BC3096 /* RootView.swift */,
				C9B6994C2DA7483C000CDB68 /* TabBarView.swift */,
			);
			path = App;
			sourceTree = "<group>";
		};
		BF1C729C2E1572C20008D806 /* Features */ = {
			isa = PBXGroup;
			children = (
				C9B699502DA74C5E000CDB68 /* Favorite */,
				C9B3E3B92D9CA69400BC3096 /* Heroes */,
				C905B8072DA88D850034EB14 /* Profile */,
				C938925A2DA9CCCE0094C753 /* Auth */,
			);
			path = Features;
			sourceTree = "<group>";
		};
		BF1C729D2E1572C70008D806 /* Onboarding */ = {
			isa = PBXGroup;
			children = (
				C96AC6A12D9B511300369BAD /* SplashView.swift */,
			);
			path = Onboarding;
			sourceTree = "<group>";
		};
		BF1C729E2E1572CE0008D806 /* Tools */ = {
			isa = PBXGroup;
			children = (
				BF1C72A02E1576D30008D806 /* UIComponents */,
				BF1C729F2E1576CA0008D806 /* ReusableUI */,
				C9B3E3512D9C9D5800BC3096 /* Utilities */,
			);
			path = Tools;
			sourceTree = "<group>";
		};
		BF1C729F2E1576CA0008D806 /* ReusableUI */ = {
			isa = PBXGroup;
			children = (
				C9CF86392E1C764600348736 /* FavoriteButton.swift */,
				BF1C72A92E1579400008D806 /* WebView.swift */,
				C9A0AD0D2E16CE97003E843D /* LoadingProgressView.swift */,
				C94697E02E21F38800AACE45 /* ErrorLoadingView.swift */,
			);
			path = ReusableUI;
			sourceTree = "<group>";
		};
		BF1C72A02E1576D30008D806 /* UIComponents */ = {
			isa = PBXGroup;
			children = (
				C938925F2DA9CFA40094C753 /* CustomTextField.swift */,
				C93892612DA9D0E30094C753 /* CustomSecureField.swift */,
				C93892632DA9D1AF0094C753 /* CustomButton.swift */,
			);
			path = UIComponents;
			sourceTree = "<group>";
		};
		C905B8072DA88D850034EB14 /* Profile */ = {
			isa = PBXGroup;
			children = (
				BFAD1BD92E15CE060036C2A3 /* UserProfileViewModel.swift */,
				C905B8082DA88D950034EB14 /* DefaultProfileView.swift */,
				C961B62D2E15BC6B00738076 /* UserProfileView.swift */,
				C9CF86632E1C787700348736 /* EditUserProfileView.swift */,
				C9CF86652E1C78AA00348736 /* TermsOfUseView.swift */,
			);
			path = Profile;
			sourceTree = "<group>";
		};
		C938925A2DA9CCCE0094C753 /* Auth */ = {
			isa = PBXGroup;
			children = (
				C96AC6D42D9B5A4F00369BAD /* LoginView.swift */,
				C938925B2DA9CCD90094C753 /* RegisterUserView.swift */,
				C9AB7D482DAB49B8003D6C5E /* UserAuthViewModel.swift */,
			);
			path = Auth;
			sourceTree = "<group>";
		};
		C96AC6542D9B4F8200369BAD = {
			isa = PBXGroup;
			children = (
				C96AC68F2D9B4FC300369BAD /* History Republic */,
				C96AC6702D9B4F8300369BAD /* History RepublicTests */,
				C96AC67A2D9B4F8300369BAD /* History RepublicUITests */,
				C96AC65E2D9B4F8200369BAD /* Products */,
			);
			sourceTree = "<group>";
		};
		C96AC65E2D9B4F8200369BAD /* Products */ = {
			isa = PBXGroup;
			children = (
				C96AC65D2D9B4F8200369BAD /* History Republic.app */,
				C96AC66D2D9B4F8300369BAD /* History RepublicTests.xctest */,
				C96AC6772D9B4F8300369BAD /* History RepublicUITests.xctest */,
			);
			name = Products;
			sourceTree = "<group>";
		};
		C96AC68B2D9B4FC300369BAD /* Preview Content */ = {
			isa = PBXGroup;
			children = (
				C96AC68A2D9B4FC300369BAD /* Preview Assets.xcassets */,
			);
			path = "Preview Content";
			sourceTree = "<group>";
		};
		C96AC68F2D9B4FC300369BAD /* History Republic */ = {
			isa = PBXGroup;
			children = (
				C96AC6942D9B4FCD00369BAD /* Shared */,
				C96AC68B2D9B4FC300369BAD /* Preview Content */,
				C96AC68C2D9B4FC300369BAD /* Assets.xcassets */,
				C96AC68E2D9B4FC300369BAD /* History_RepublicApp.swift */,
			);
			path = "History Republic";
			sourceTree = "<group>";
		};
		C96AC6942D9B4FCD00369BAD /* Shared */ = {
			isa = PBXGroup;
			children = (
				C9A0AD112E16DA5C003E843D /* Helpers */,
				C96AC6952D9B4FD400369BAD /* Data */,
				C96AC6982D9B500100369BAD /* Domain */,
				C96AC69D2D9B504700369BAD /* Presentation */,
				BFC785E22E300A2E00FAC0FB /* Localizable.strings */,
			);
			path = Shared;
			sourceTree = "<group>";
		};
		C96AC6952D9B4FD400369BAD /* Data */ = {
			isa = PBXGroup;
			children = (
				C96AC6962D9B4FDD00369BAD /* Network */,
				C96AC7DB2D9B6A8500369BAD /* Repository */,
			);
			path = Data;
			sourceTree = "<group>";
		};
		C96AC6962D9B4FDD00369BAD /* Network */ = {
			isa = PBXGroup;
			children = (
				C96AC7C62D9B65EA00369BAD /* Local */,
				C96AC6972D9B4FE600369BAD /* BaseNetwork */,
				C95DD0532DAB0B26001366FC /* UserAuthService.swift */,
				C96155622D9ED67E00BF755D /* HeroService.swift */,
				C92E12D82E15CCB3001BEA10 /* FavoriteService.swift */,
				C9AB7D342DAB3FAD003D6C5E /* NetworkService.swift */,
				BF1C72AF2E15A1F50008D806 /* UserProfileService.swift */,
			);
			path = Network;
			sourceTree = "<group>";
		};
		C96AC6972D9B4FE600369BAD /* BaseNetwork */ = {
			isa = PBXGroup;
			children = (
				C9B3E2CF2D9C85AD00BC3096 /* HRError.swift */,
				C96AC73E2D9B648400369BAD /* EndPoints.swift */,
				C96AC7C82D9B664C00369BAD /* HttpMethods.swift */,
				C96AC7CA2D9B665C00369BAD /* HttpResponseCodes.swift */,
			);
			path = BaseNetwork;
			sourceTree = "<group>";
		};
		C96AC6982D9B500100369BAD /* Domain */ = {
			isa = PBXGroup;
			children = (
				C96AC6C42D9B551900369BAD /* Extensions */,
				C96AC69C2D9B503E00369BAD /* Entities */,
				C96AC69B2D9B503700369BAD /* Protocols */,
				C96AC69A2D9B503100369BAD /* Tools */,
				C96AC6992D9B502700369BAD /* UseCases */,
			);
			path = Domain;
			sourceTree = "<group>";
		};
		C96AC6992D9B502700369BAD /* UseCases */ = {
			isa = PBXGroup;
			children = (
				BFAD1BD12E15C09C0036C2A3 /* UserProfileServiceUseCase.swift */,
				C96155682D9EDFD400BF755D /* HeroServiceUseCase.swift */,
				C9AB7D442DAB4336003D6C5E /* UserAuthServiceUseCase.swift */,
				C9A0AD182E16F6A1003E843D /* FavoriteServiceUseCase.swift */,
			);
			path = UseCases;
			sourceTree = "<group>";
		};
		C96AC69A2D9B503100369BAD /* Tools */ = {
			isa = PBXGroup;
			children = (
				C96AC7CC2D9B66A300369BAD /* ConstantsApp.swift */,
				C96AC7D92D9B69DC00369BAD /* hrPersistenceKeyChain.swift */,
			);
			path = Tools;
			sourceTree = "<group>";
		};
		C96AC69B2D9B503700369BAD /* Protocols */ = {
			isa = PBXGroup;
			children = (
				C9A0AD162E16F638003E843D /* FavoriteServiceRepositoryProtocol.swift */,
				BFAD1BCF2E15BFF60036C2A3 /* UserProfileServiceRepositoryProtocol.swift */,
				C96155662D9EDCEA00BF755D /* HeroServiceRepositoryProtocol.swift */,
				C9AB7D422DAB4316003D6C5E /* UserAuthServiceRepositoryProtocol.swift */,
			);
			path = Protocols;
			sourceTree = "<group>";
		};
		C96AC69C2D9B503E00369BAD /* Entities */ = {
			isa = PBXGroup;
			children = (
				BF1C72B32E15A6210008D806 /* UserRequest.swift */,
				BF1C72B12E15A4C20008D806 /* UserResponse.swift */,
				C96154FD2D9ED4FD00BF755D /* AuthTokenResponse.swift */,
				C96154FF2D9ED50E00BF755D /* HeroResponse.swift */,
				C95DD0552DAB0D7C001366FC /* RegisterRequest.swift */,
				C9B3E34B2D9C918D00BC3096 /* StatusModel.swift */,
				C9A0AD0F2E16D035003E843D /* Enums.swift */,
			);
			path = Entities;
			sourceTree = "<group>";
		};
		C96AC69D2D9B504700369BAD /* Presentation */ = {
			isa = PBXGroup;
			children = (
				BF1C729B2E1572BA0008D806 /* App */,
				BF1C729C2E1572C20008D806 /* Features */,
				BF1C729D2E1572C70008D806 /* Onboarding */,
				BF1C729E2E1572CE0008D806 /* Tools */,
			);
			path = Presentation;
			sourceTree = "<group>";
		};
		C96AC6C42D9B551900369BAD /* Extensions */ = {
			isa = PBXGroup;
			children = (
				BF1C72AD2E1587DE0008D806 /* Font-Theme.swift */,
				C96AC6C52D9B552600369BAD /* Color-Theme.swift */,
			);
			path = Extensions;
			sourceTree = "<group>";
		};
		C96AC7C62D9B65EA00369BAD /* Local */ = {
			isa = PBXGroup;
			children = (
				C96AC7C72D9B65F500369BAD /* KeyChain */,
			);
			path = Local;
			sourceTree = "<group>";
		};
		C96AC7C72D9B65F500369BAD /* KeyChain */ = {
			isa = PBXGroup;
			children = (
				C96AC7D02D9B68B700369BAD /* KeyChainKC.swift */,
			);
			path = KeyChain;
			sourceTree = "<group>";
		};
		C96AC7DB2D9B6A8500369BAD /* Repository */ = {
			isa = PBXGroup;
			children = (
				BFAD1BCD2E15BE010036C2A3 /* UserProfileServiceRepository.swift */,
				C96155642D9EDCAD00BF755D /* HeroServiceRepository.swift */,
				C9AB7D462DAB43D7003D6C5E /* UserAuthServiceRepository.swift */,
				C9A0AD142E16F5DB003E843D /* FavoriteServiceRepository.swift */,
			);
			path = Repository;
			sourceTree = "<group>";
		};
		C9A0AD112E16DA5C003E843D /* Helpers */ = {
			isa = PBXGroup;
			children = (
				C9A0AD122E16DA6A003E843D /* FavoritesManager.swift */,
			);
			path = Helpers;
			sourceTree = "<group>";
		};
		C9B3E3512D9C9D5800BC3096 /* Utilities */ = {
			isa = PBXGroup;
			children = (
				C9B3E3522D9C9D7B00BC3096 /* LoadingView.swift */,
				C9B3E3B52D9C9F9100BC3096 /* ErrorView.swift */,
			);
			path = Utilities;
			sourceTree = "<group>";
		};
		C9B3E3B92D9CA69400BC3096 /* Heroes */ = {
			isa = PBXGroup;
			children = (
				C961556A2D9EE13700BF755D /* HeroesViewModel.swift */,
				C9B3E3BA2D9CA6A600BC3096 /* HeroListView.swift */,
				C961558F2D9EE25800BF755D /* HeroRowView.swift */,
				BF1C72AB2E1579630008D806 /* HeroDetailView.swift */,
			);
			path = Heroes;
			sourceTree = "<group>";
		};
		C9B699502DA74C5E000CDB68 /* Favorite */ = {
			isa = PBXGroup;
			children = (
				C9B6994E2DA74C59000CDB68 /* FavoriteView.swift */,
			);
			path = Favorite;
			sourceTree = "<group>";
		};
/* End PBXGroup section */

/* Begin PBXNativeTarget section */
		C96AC65C2D9B4F8200369BAD /* History Republic */ = {
			isa = PBXNativeTarget;
			buildConfigurationList = C96AC6812D9B4F8300369BAD /* Build configuration list for PBXNativeTarget "History Republic" */;
			buildPhases = (
				C96AC6592D9B4F8200369BAD /* Sources */,
				C96AC65A2D9B4F8200369BAD /* Frameworks */,
				C96AC65B2D9B4F8200369BAD /* Resources */,
			);
			buildRules = (
			);
			dependencies = (
			);
			name = "History Republic";
			packageProductDependencies = (
				C96AC7D32D9B68E000369BAD /* KeychainSwift */,
			);
			productName = "History Republic";
			productReference = C96AC65D2D9B4F8200369BAD /* History Republic.app */;
			productType = "com.apple.product-type.application";
		};
		C96AC66C2D9B4F8300369BAD /* History RepublicTests */ = {
			isa = PBXNativeTarget;
			buildConfigurationList = C96AC6842D9B4F8300369BAD /* Build configuration list for PBXNativeTarget "History RepublicTests" */;
			buildPhases = (
				C96AC6692D9B4F8300369BAD /* Sources */,
				C96AC66A2D9B4F8300369BAD /* Frameworks */,
				C96AC66B2D9B4F8300369BAD /* Resources */,
			);
			buildRules = (
			);
			dependencies = (
				C96AC66F2D9B4F8300369BAD /* PBXTargetDependency */,
			);
			fileSystemSynchronizedGroups = (
				C96AC6702D9B4F8300369BAD /* History RepublicTests */,
			);
			name = "History RepublicTests";
			packageProductDependencies = (
			);
			productName = "History RepublicTests";
			productReference = C96AC66D2D9B4F8300369BAD /* History RepublicTests.xctest */;
			productType = "com.apple.product-type.bundle.unit-test";
		};
		C96AC6762D9B4F8300369BAD /* History RepublicUITests */ = {
			isa = PBXNativeTarget;
			buildConfigurationList = C96AC6872D9B4F8300369BAD /* Build configuration list for PBXNativeTarget "History RepublicUITests" */;
			buildPhases = (
				C96AC6732D9B4F8300369BAD /* Sources */,
				C96AC6742D9B4F8300369BAD /* Frameworks */,
				C96AC6752D9B4F8300369BAD /* Resources */,
			);
			buildRules = (
			);
			dependencies = (
				C96AC6792D9B4F8300369BAD /* PBXTargetDependency */,
			);
			fileSystemSynchronizedGroups = (
				C96AC67A2D9B4F8300369BAD /* History RepublicUITests */,
			);
			name = "History RepublicUITests";
			packageProductDependencies = (
			);
			productName = "History RepublicUITests";
			productReference = C96AC6772D9B4F8300369BAD /* History RepublicUITests.xctest */;
			productType = "com.apple.product-type.bundle.ui-testing";
		};
/* End PBXNativeTarget section */

/* Begin PBXProject section */
		C96AC6552D9B4F8200369BAD /* Project object */ = {
			isa = PBXProject;
			attributes = {
				BuildIndependentTargetsInParallel = 1;
				LastSwiftUpdateCheck = 1610;
				LastUpgradeCheck = 1630;
				TargetAttributes = {
					C96AC65C2D9B4F8200369BAD = {
						CreatedOnToolsVersion = 16.1;
					};
					C96AC66C2D9B4F8300369BAD = {
						CreatedOnToolsVersion = 16.1;
						TestTargetID = C96AC65C2D9B4F8200369BAD;
					};
					C96AC6762D9B4F8300369BAD = {
						CreatedOnToolsVersion = 16.1;
						TestTargetID = C96AC65C2D9B4F8200369BAD;
					};
				};
			};
			buildConfigurationList = C96AC6582D9B4F8200369BAD /* Build configuration list for PBXProject "History Republic" */;
			developmentRegion = en;
			hasScannedForEncodings = 0;
			knownRegions = (
				en,
				Base,
				"es-419",
			);
			mainGroup = C96AC6542D9B4F8200369BAD;
			minimizedProjectReferenceProxies = 1;
			packageReferences = (
				C96AC7D22D9B68E000369BAD /* XCRemoteSwiftPackageReference "keychain-swift" */,
			);
			preferredProjectObjectVersion = 77;
			productRefGroup = C96AC65E2D9B4F8200369BAD /* Products */;
			projectDirPath = "";
			projectRoot = "";
			targets = (
				C96AC65C2D9B4F8200369BAD /* History Republic */,
				C96AC66C2D9B4F8300369BAD /* History RepublicTests */,
				C96AC6762D9B4F8300369BAD /* History RepublicUITests */,
			);
		};
/* End PBXProject section */

/* Begin PBXResourcesBuildPhase section */
		C96AC65B2D9B4F8200369BAD /* Resources */ = {
			isa = PBXResourcesBuildPhase;
			buildActionMask = 2147483647;
			files = (
				C96AC6922D9B4FC300369BAD /* Preview Assets.xcassets in Resources */,
				BFC785E42E300A2E00FAC0FB /* Localizable.strings in Resources */,
				C96AC6932D9B4FC300369BAD /* Assets.xcassets in Resources */,
			);
			runOnlyForDeploymentPostprocessing = 0;
		};
		C96AC66B2D9B4F8300369BAD /* Resources */ = {
			isa = PBXResourcesBuildPhase;
			buildActionMask = 2147483647;
			files = (
			);
			runOnlyForDeploymentPostprocessing = 0;
		};
		C96AC6752D9B4F8300369BAD /* Resources */ = {
			isa = PBXResourcesBuildPhase;
			buildActionMask = 2147483647;
			files = (
			);
			runOnlyForDeploymentPostprocessing = 0;
		};
/* End PBXResourcesBuildPhase section */

/* Begin PBXSourcesBuildPhase section */
		C96AC6592D9B4F8200369BAD /* Sources */ = {
			isa = PBXSourcesBuildPhase;
			buildActionMask = 2147483647;
			files = (
				C9AB7D452DAB4336003D6C5E /* UserAuthServiceUseCase.swift in Sources */,
				BF1C72AA2E1579430008D806 /* WebView.swift in Sources */,
				C9B3E3B62D9C9F9100BC3096 /* ErrorView.swift in Sources */,
				C9A0AD152E16F5DB003E843D /* FavoriteServiceRepository.swift in Sources */,
				C96AC7DF2D9B701400369BAD /* AppStateVM.swift in Sources */,
				C9A0AD172E16F638003E843D /* FavoriteServiceRepositoryProtocol.swift in Sources */,
				C9AB7D472DAB43D7003D6C5E /* UserAuthServiceRepository.swift in Sources */,
				C94697E12E21F38800AACE45 /* ErrorLoadingView.swift in Sources */,
				C96AC7DA2D9B69DC00369BAD /* hrPersistenceKeyChain.swift in Sources */,
				C9A0AD0E2E16CE97003E843D /* LoadingProgressView.swift in Sources */,
				C9A0AD132E16DA6A003E843D /* FavoritesManager.swift in Sources */,
				C96155002D9ED50E00BF755D /* HeroResponse.swift in Sources */,
				C96AC6912D9B4FC300369BAD /* History_RepublicApp.swift in Sources */,
				BF1C72AE2E1587E40008D806 /* Font-Theme.swift in Sources */,
				C96155632D9ED67E00BF755D /* HeroService.swift in Sources */,
				C93892602DA9CFA40094C753 /* CustomTextField.swift in Sources */,
				C9CF86662E1C78AA00348736 /* TermsOfUseView.swift in Sources */,
				C9B6994F2DA74C59000CDB68 /* FavoriteView.swift in Sources */,
				C96155672D9EDCEA00BF755D /* HeroServiceRepositoryProtocol.swift in Sources */,
				C9CF86642E1C787700348736 /* EditUserProfileView.swift in Sources */,
				BFAD1BD02E15BFFE0036C2A3 /* UserProfileServiceRepositoryProtocol.swift in Sources */,
				C9B6994D2DA7483C000CDB68 /* TabBarView.swift in Sources */,
				C9B3E2D02D9C85AD00BC3096 /* HRError.swift in Sources */,
				C9AB7D492DAB49B8003D6C5E /* UserAuthViewModel.swift in Sources */,
				C96AC7C92D9B664C00369BAD /* HttpMethods.swift in Sources */,
				BFAD1BCE2E15BE070036C2A3 /* UserProfileServiceRepository.swift in Sources */,
				C92E12D92E15CCB3001BEA10 /* FavoriteService.swift in Sources */,
				BF1C72B02E15A1FA0008D806 /* UserProfileService.swift in Sources */,
				BF1C72AC2E1579630008D806 /* HeroDetailView.swift in Sources */,
				C96AC6A22D9B511300369BAD /* SplashView.swift in Sources */,
				C9B3E3BB2D9CA6A600BC3096 /* HeroListView.swift in Sources */,
				BF0B4B912E1EF6AF00A1BB5E /* SessionStore.swift in Sources */,
				C96AC7D12D9B68B700369BAD /* KeyChainKC.swift in Sources */,
				C961B62E2E15BC6B00738076 /* UserProfileView.swift in Sources */,
				C93892642DA9D1AF0094C753 /* CustomButton.swift in Sources */,
				C96AC6D52D9B5A4F00369BAD /* LoginView.swift in Sources */,
				C95DD0562DAB0D7C001366FC /* RegisterRequest.swift in Sources */,
				C96AC73F2D9B648400369BAD /* EndPoints.swift in Sources */,
				C96155902D9EE25800BF755D /* HeroRowView.swift in Sources */,
				C9AB7D352DAB3FAD003D6C5E /* NetworkService.swift in Sources */,
				C96AC6C62D9B552600369BAD /* Color-Theme.swift in Sources */,
				C96155692D9EDFD400BF755D /* HeroServiceUseCase.swift in Sources */,
				C9AB7D432DAB4316003D6C5E /* UserAuthServiceRepositoryProtocol.swift in Sources */,
				C9B3E3502D9C93F000BC3096 /* RootView.swift in Sources */,
				C9B3E34C2D9C918D00BC3096 /* StatusModel.swift in Sources */,
				C9A0AD192E16F6A1003E843D /* FavoriteServiceUseCase.swift in Sources */,
				C95DD0542DAB0B26001366FC /* UserAuthService.swift in Sources */,
				BFAD1BDA2E15CE130036C2A3 /* UserProfileViewModel.swift in Sources */,
				C9A0AD102E16D035003E843D /* Enums.swift in Sources */,
				C9CF863A2E1C764600348736 /* FavoriteButton.swift in Sources */,
				BFAD1BD22E15C0A90036C2A3 /* UserProfileServiceUseCase.swift in Sources */,
				C96AC7CB2D9B665C00369BAD /* HttpResponseCodes.swift in Sources */,
				C905B8092DA88D950034EB14 /* DefaultProfileView.swift in Sources */,
				C9B3E3532D9C9D7B00BC3096 /* LoadingView.swift in Sources */,
				C96154FE2D9ED4FD00BF755D /* AuthTokenResponse.swift in Sources */,
				BF1C72B42E15A6250008D806 /* UserRequest.swift in Sources */,
				C938925C2DA9CCD90094C753 /* RegisterUserView.swift in Sources */,
				C96155652D9EDCAD00BF755D /* HeroServiceRepository.swift in Sources */,
				C96AC7CD2D9B66A300369BAD /* ConstantsApp.swift in Sources */,
				C961556B2D9EE13700BF755D /* HeroesViewModel.swift in Sources */,
				C93892622DA9D0E30094C753 /* CustomSecureField.swift in Sources */,
				BF1C72B22E15A4CF0008D806 /* UserResponse.swift in Sources */,
			);
			runOnlyForDeploymentPostprocessing = 0;
		};
		C96AC6692D9B4F8300369BAD /* Sources */ = {
			isa = PBXSourcesBuildPhase;
			buildActionMask = 2147483647;
			files = (
			);
			runOnlyForDeploymentPostprocessing = 0;
		};
		C96AC6732D9B4F8300369BAD /* Sources */ = {
			isa = PBXSourcesBuildPhase;
			buildActionMask = 2147483647;
			files = (
			);
			runOnlyForDeploymentPostprocessing = 0;
		};
/* End PBXSourcesBuildPhase section */

/* Begin PBXTargetDependency section */
		C96AC66F2D9B4F8300369BAD /* PBXTargetDependency */ = {
			isa = PBXTargetDependency;
			target = C96AC65C2D9B4F8200369BAD /* History Republic */;
			targetProxy = C96AC66E2D9B4F8300369BAD /* PBXContainerItemProxy */;
		};
		C96AC6792D9B4F8300369BAD /* PBXTargetDependency */ = {
			isa = PBXTargetDependency;
			target = C96AC65C2D9B4F8200369BAD /* History Republic */;
			targetProxy = C96AC6782D9B4F8300369BAD /* PBXContainerItemProxy */;
		};
/* End PBXTargetDependency section */

/* Begin PBXVariantGroup section */
		BFC785E22E300A2E00FAC0FB /* Localizable.strings */ = {
			isa = PBXVariantGroup;
			children = (
				BFC785E32E300A2E00FAC0FB /* en */,
				BFC785E52E300AA200FAC0FB /* es-419 */,
			);
			name = Localizable.strings;
			sourceTree = "<group>";
		};
/* End PBXVariantGroup section */

/* Begin XCBuildConfiguration section */
		C96AC67F2D9B4F8300369BAD /* Debug */ = {
			isa = XCBuildConfiguration;
			buildSettings = {
				ALWAYS_SEARCH_USER_PATHS = NO;
				ASSETCATALOG_COMPILER_GENERATE_SWIFT_ASSET_SYMBOL_EXTENSIONS = YES;
				CLANG_ANALYZER_LOCALIZABILITY_NONLOCALIZED = YES;
				CLANG_ANALYZER_NONNULL = YES;
				CLANG_ANALYZER_NUMBER_OBJECT_CONVERSION = YES_AGGRESSIVE;
				CLANG_CXX_LANGUAGE_STANDARD = "gnu++20";
				CLANG_ENABLE_MODULES = YES;
				CLANG_ENABLE_OBJC_ARC = YES;
				CLANG_ENABLE_OBJC_WEAK = YES;
				CLANG_WARN_BLOCK_CAPTURE_AUTORELEASING = YES;
				CLANG_WARN_BOOL_CONVERSION = YES;
				CLANG_WARN_COMMA = YES;
				CLANG_WARN_CONSTANT_CONVERSION = YES;
				CLANG_WARN_DEPRECATED_OBJC_IMPLEMENTATIONS = YES;
				CLANG_WARN_DIRECT_OBJC_ISA_USAGE = YES_ERROR;
				CLANG_WARN_DOCUMENTATION_COMMENTS = YES;
				CLANG_WARN_EMPTY_BODY = YES;
				CLANG_WARN_ENUM_CONVERSION = YES;
				CLANG_WARN_INFINITE_RECURSION = YES;
				CLANG_WARN_INT_CONVERSION = YES;
				CLANG_WARN_NON_LITERAL_NULL_CONVERSION = YES;
				CLANG_WARN_OBJC_IMPLICIT_RETAIN_SELF = YES;
				CLANG_WARN_OBJC_LITERAL_CONVERSION = YES;
				CLANG_WARN_OBJC_ROOT_CLASS = YES_ERROR;
				CLANG_WARN_QUOTED_INCLUDE_IN_FRAMEWORK_HEADER = YES;
				CLANG_WARN_RANGE_LOOP_ANALYSIS = YES;
				CLANG_WARN_STRICT_PROTOTYPES = YES;
				CLANG_WARN_SUSPICIOUS_MOVE = YES;
				CLANG_WARN_UNGUARDED_AVAILABILITY = YES_AGGRESSIVE;
				CLANG_WARN_UNREACHABLE_CODE = YES;
				CLANG_WARN__DUPLICATE_METHOD_MATCH = YES;
				COPY_PHASE_STRIP = NO;
				DEBUG_INFORMATION_FORMAT = dwarf;
				DEVELOPMENT_TEAM = L5MH9KP95U;
				ENABLE_STRICT_OBJC_MSGSEND = YES;
				ENABLE_TESTABILITY = YES;
				ENABLE_USER_SCRIPT_SANDBOXING = YES;
				GCC_C_LANGUAGE_STANDARD = gnu17;
				GCC_DYNAMIC_NO_PIC = NO;
				GCC_NO_COMMON_BLOCKS = YES;
				GCC_OPTIMIZATION_LEVEL = 0;
				GCC_PREPROCESSOR_DEFINITIONS = (
					"DEBUG=1",
					"$(inherited)",
				);
				GCC_WARN_64_TO_32_BIT_CONVERSION = YES;
				GCC_WARN_ABOUT_RETURN_TYPE = YES_ERROR;
				GCC_WARN_UNDECLARED_SELECTOR = YES;
				GCC_WARN_UNINITIALIZED_AUTOS = YES_AGGRESSIVE;
				GCC_WARN_UNUSED_FUNCTION = YES;
				GCC_WARN_UNUSED_VARIABLE = YES;
				IPHONEOS_DEPLOYMENT_TARGET = 18.1;
				LOCALIZATION_PREFERS_STRING_CATALOGS = YES;
				MTL_ENABLE_DEBUG_INFO = INCLUDE_SOURCE;
				MTL_FAST_MATH = YES;
				ONLY_ACTIVE_ARCH = YES;
				SDKROOT = iphoneos;
				SWIFT_ACTIVE_COMPILATION_CONDITIONS = "DEBUG $(inherited)";
				SWIFT_OPTIMIZATION_LEVEL = "-Onone";
			};
			name = Debug;
		};
		C96AC6802D9B4F8300369BAD /* Release */ = {
			isa = XCBuildConfiguration;
			buildSettings = {
				ALWAYS_SEARCH_USER_PATHS = NO;
				ASSETCATALOG_COMPILER_GENERATE_SWIFT_ASSET_SYMBOL_EXTENSIONS = YES;
				CLANG_ANALYZER_LOCALIZABILITY_NONLOCALIZED = YES;
				CLANG_ANALYZER_NONNULL = YES;
				CLANG_ANALYZER_NUMBER_OBJECT_CONVERSION = YES_AGGRESSIVE;
				CLANG_CXX_LANGUAGE_STANDARD = "gnu++20";
				CLANG_ENABLE_MODULES = YES;
				CLANG_ENABLE_OBJC_ARC = YES;
				CLANG_ENABLE_OBJC_WEAK = YES;
				CLANG_WARN_BLOCK_CAPTURE_AUTORELEASING = YES;
				CLANG_WARN_BOOL_CONVERSION = YES;
				CLANG_WARN_COMMA = YES;
				CLANG_WARN_CONSTANT_CONVERSION = YES;
				CLANG_WARN_DEPRECATED_OBJC_IMPLEMENTATIONS = YES;
				CLANG_WARN_DIRECT_OBJC_ISA_USAGE = YES_ERROR;
				CLANG_WARN_DOCUMENTATION_COMMENTS = YES;
				CLANG_WARN_EMPTY_BODY = YES;
				CLANG_WARN_ENUM_CONVERSION = YES;
				CLANG_WARN_INFINITE_RECURSION = YES;
				CLANG_WARN_INT_CONVERSION = YES;
				CLANG_WARN_NON_LITERAL_NULL_CONVERSION = YES;
				CLANG_WARN_OBJC_IMPLICIT_RETAIN_SELF = YES;
				CLANG_WARN_OBJC_LITERAL_CONVERSION = YES;
				CLANG_WARN_OBJC_ROOT_CLASS = YES_ERROR;
				CLANG_WARN_QUOTED_INCLUDE_IN_FRAMEWORK_HEADER = YES;
				CLANG_WARN_RANGE_LOOP_ANALYSIS = YES;
				CLANG_WARN_STRICT_PROTOTYPES = YES;
				CLANG_WARN_SUSPICIOUS_MOVE = YES;
				CLANG_WARN_UNGUARDED_AVAILABILITY = YES_AGGRESSIVE;
				CLANG_WARN_UNREACHABLE_CODE = YES;
				CLANG_WARN__DUPLICATE_METHOD_MATCH = YES;
				COPY_PHASE_STRIP = NO;
				DEBUG_INFORMATION_FORMAT = "dwarf-with-dsym";
				DEVELOPMENT_TEAM = L5MH9KP95U;
				ENABLE_NS_ASSERTIONS = NO;
				ENABLE_STRICT_OBJC_MSGSEND = YES;
				ENABLE_USER_SCRIPT_SANDBOXING = YES;
				GCC_C_LANGUAGE_STANDARD = gnu17;
				GCC_NO_COMMON_BLOCKS = YES;
				GCC_WARN_64_TO_32_BIT_CONVERSION = YES;
				GCC_WARN_ABOUT_RETURN_TYPE = YES_ERROR;
				GCC_WARN_UNDECLARED_SELECTOR = YES;
				GCC_WARN_UNINITIALIZED_AUTOS = YES_AGGRESSIVE;
				GCC_WARN_UNUSED_FUNCTION = YES;
				GCC_WARN_UNUSED_VARIABLE = YES;
				IPHONEOS_DEPLOYMENT_TARGET = 18.1;
				LOCALIZATION_PREFERS_STRING_CATALOGS = YES;
				MTL_ENABLE_DEBUG_INFO = NO;
				MTL_FAST_MATH = YES;
				SDKROOT = iphoneos;
				SWIFT_COMPILATION_MODE = wholemodule;
				VALIDATE_PRODUCT = YES;
			};
			name = Release;
		};
		C96AC6822D9B4F8300369BAD /* Debug */ = {
			isa = XCBuildConfiguration;
			buildSettings = {
				ASSETCATALOG_COMPILER_APPICON_NAME = AppIcon;
				ASSETCATALOG_COMPILER_GLOBAL_ACCENT_COLOR_NAME = AccentColor;
				CODE_SIGN_STYLE = Automatic;
				CURRENT_PROJECT_VERSION = 1;
				DEVELOPMENT_ASSET_PATHS = "\"History Republic/Preview Content\"";
				ENABLE_PREVIEWS = YES;
				GENERATE_INFOPLIST_FILE = YES;
				INFOPLIST_KEY_UIApplicationSceneManifest_Generation = YES;
				INFOPLIST_KEY_UIApplicationSupportsIndirectInputEvents = YES;
				INFOPLIST_KEY_UILaunchScreen_Generation = YES;
				INFOPLIST_KEY_UISupportedInterfaceOrientations_iPad = "UIInterfaceOrientationPortrait UIInterfaceOrientationPortraitUpsideDown UIInterfaceOrientationLandscapeLeft UIInterfaceOrientationLandscapeRight";
				INFOPLIST_KEY_UISupportedInterfaceOrientations_iPhone = "UIInterfaceOrientationPortrait UIInterfaceOrientationLandscapeLeft UIInterfaceOrientationLandscapeRight";
				IPHONEOS_DEPLOYMENT_TARGET = 18.0;
				LD_RUNPATH_SEARCH_PATHS = (
					"$(inherited)",
					"@executable_path/Frameworks",
				);
				MARKETING_VERSION = 1.0;
				PRODUCT_BUNDLE_IDENTIFIER = "com.kevinhe.History-Republic";
				PRODUCT_NAME = "$(TARGET_NAME)";
				SUPPORTED_PLATFORMS = "iphoneos iphonesimulator";
				SUPPORTS_MACCATALYST = NO;
				SUPPORTS_MAC_DESIGNED_FOR_IPHONE_IPAD = NO;
				SUPPORTS_XR_DESIGNED_FOR_IPHONE_IPAD = NO;
				SWIFT_EMIT_LOC_STRINGS = YES;
				SWIFT_VERSION = 5.0;
				TARGETED_DEVICE_FAMILY = "1,2";
			};
			name = Debug;
		};
		C96AC6832D9B4F8300369BAD /* Release */ = {
			isa = XCBuildConfiguration;
			buildSettings = {
				ASSETCATALOG_COMPILER_APPICON_NAME = AppIcon;
				ASSETCATALOG_COMPILER_GLOBAL_ACCENT_COLOR_NAME = AccentColor;
				CODE_SIGN_STYLE = Automatic;
				CURRENT_PROJECT_VERSION = 1;
				DEVELOPMENT_ASSET_PATHS = "\"History Republic/Preview Content\"";
				ENABLE_PREVIEWS = YES;
				GENERATE_INFOPLIST_FILE = YES;
				INFOPLIST_KEY_UIApplicationSceneManifest_Generation = YES;
				INFOPLIST_KEY_UIApplicationSupportsIndirectInputEvents = YES;
				INFOPLIST_KEY_UILaunchScreen_Generation = YES;
				INFOPLIST_KEY_UISupportedInterfaceOrientations_iPad = "UIInterfaceOrientationPortrait UIInterfaceOrientationPortraitUpsideDown UIInterfaceOrientationLandscapeLeft UIInterfaceOrientationLandscapeRight";
				INFOPLIST_KEY_UISupportedInterfaceOrientations_iPhone = "UIInterfaceOrientationPortrait UIInterfaceOrientationLandscapeLeft UIInterfaceOrientationLandscapeRight";
				IPHONEOS_DEPLOYMENT_TARGET = 18.0;
				LD_RUNPATH_SEARCH_PATHS = (
					"$(inherited)",
					"@executable_path/Frameworks",
				);
				MARKETING_VERSION = 1.0;
				PRODUCT_BUNDLE_IDENTIFIER = "com.kevinhe.History-Republic";
				PRODUCT_NAME = "$(TARGET_NAME)";
				SUPPORTED_PLATFORMS = "iphoneos iphonesimulator";
				SUPPORTS_MACCATALYST = NO;
				SUPPORTS_MAC_DESIGNED_FOR_IPHONE_IPAD = NO;
				SUPPORTS_XR_DESIGNED_FOR_IPHONE_IPAD = NO;
				SWIFT_EMIT_LOC_STRINGS = YES;
				SWIFT_VERSION = 5.0;
				TARGETED_DEVICE_FAMILY = "1,2";
			};
			name = Release;
		};
		C96AC6852D9B4F8300369BAD /* Debug */ = {
			isa = XCBuildConfiguration;
			buildSettings = {
				BUNDLE_LOADER = "$(TEST_HOST)";
				CODE_SIGN_STYLE = Automatic;
				CURRENT_PROJECT_VERSION = 1;
				GENERATE_INFOPLIST_FILE = YES;
				IPHONEOS_DEPLOYMENT_TARGET = 18.1;
				MARKETING_VERSION = 1.0;
				PRODUCT_BUNDLE_IDENTIFIER = "com.kevinhe.History-RepublicTests";
				PRODUCT_NAME = "$(TARGET_NAME)";
				SUPPORTED_PLATFORMS = "iphoneos iphonesimulator";
				SUPPORTS_MACCATALYST = NO;
				SUPPORTS_MAC_DESIGNED_FOR_IPHONE_IPAD = NO;
				SUPPORTS_XR_DESIGNED_FOR_IPHONE_IPAD = NO;
				SWIFT_EMIT_LOC_STRINGS = NO;
				SWIFT_VERSION = 5.0;
				TARGETED_DEVICE_FAMILY = 1;
				TEST_HOST = "$(BUILT_PRODUCTS_DIR)/History Republic.app/$(BUNDLE_EXECUTABLE_FOLDER_PATH)/History Republic";
			};
			name = Debug;
		};
		C96AC6862D9B4F8300369BAD /* Release */ = {
			isa = XCBuildConfiguration;
			buildSettings = {
				BUNDLE_LOADER = "$(TEST_HOST)";
				CODE_SIGN_STYLE = Automatic;
				CURRENT_PROJECT_VERSION = 1;
				GENERATE_INFOPLIST_FILE = YES;
				IPHONEOS_DEPLOYMENT_TARGET = 18.1;
				MARKETING_VERSION = 1.0;
				PRODUCT_BUNDLE_IDENTIFIER = "com.kevinhe.History-RepublicTests";
				PRODUCT_NAME = "$(TARGET_NAME)";
				SUPPORTED_PLATFORMS = "iphoneos iphonesimulator";
				SUPPORTS_MACCATALYST = NO;
				SUPPORTS_MAC_DESIGNED_FOR_IPHONE_IPAD = NO;
				SUPPORTS_XR_DESIGNED_FOR_IPHONE_IPAD = NO;
				SWIFT_EMIT_LOC_STRINGS = NO;
				SWIFT_VERSION = 5.0;
				TARGETED_DEVICE_FAMILY = 1;
				TEST_HOST = "$(BUILT_PRODUCTS_DIR)/History Republic.app/$(BUNDLE_EXECUTABLE_FOLDER_PATH)/History Republic";
			};
			name = Release;
		};
		C96AC6882D9B4F8300369BAD /* Debug */ = {
			isa = XCBuildConfiguration;
			buildSettings = {
				CODE_SIGN_STYLE = Automatic;
				CURRENT_PROJECT_VERSION = 1;
				GENERATE_INFOPLIST_FILE = YES;
				MARKETING_VERSION = 1.0;
				PRODUCT_BUNDLE_IDENTIFIER = "com.kevinhe.History-RepublicUITests";
				PRODUCT_NAME = "$(TARGET_NAME)";
				SUPPORTED_PLATFORMS = "iphoneos iphonesimulator";
				SUPPORTS_MACCATALYST = NO;
				SUPPORTS_MAC_DESIGNED_FOR_IPHONE_IPAD = NO;
				SUPPORTS_XR_DESIGNED_FOR_IPHONE_IPAD = NO;
				SWIFT_EMIT_LOC_STRINGS = NO;
				SWIFT_VERSION = 5.0;
				TARGETED_DEVICE_FAMILY = 1;
				TEST_TARGET_NAME = "History Republic";
			};
			name = Debug;
		};
		C96AC6892D9B4F8300369BAD /* Release */ = {
			isa = XCBuildConfiguration;
			buildSettings = {
				CODE_SIGN_STYLE = Automatic;
				CURRENT_PROJECT_VERSION = 1;
				GENERATE_INFOPLIST_FILE = YES;
				MARKETING_VERSION = 1.0;
				PRODUCT_BUNDLE_IDENTIFIER = "com.kevinhe.History-RepublicUITests";
				PRODUCT_NAME = "$(TARGET_NAME)";
				SUPPORTED_PLATFORMS = "iphoneos iphonesimulator";
				SUPPORTS_MACCATALYST = NO;
				SUPPORTS_MAC_DESIGNED_FOR_IPHONE_IPAD = NO;
				SUPPORTS_XR_DESIGNED_FOR_IPHONE_IPAD = NO;
				SWIFT_EMIT_LOC_STRINGS = NO;
				SWIFT_VERSION = 5.0;
				TARGETED_DEVICE_FAMILY = 1;
				TEST_TARGET_NAME = "History Republic";
			};
			name = Release;
		};
/* End XCBuildConfiguration section */

/* Begin XCConfigurationList section */
		C96AC6582D9B4F8200369BAD /* Build configuration list for PBXProject "History Republic" */ = {
			isa = XCConfigurationList;
			buildConfigurations = (
				C96AC67F2D9B4F8300369BAD /* Debug */,
				C96AC6802D9B4F8300369BAD /* Release */,
			);
			defaultConfigurationIsVisible = 0;
			defaultConfigurationName = Release;
		};
		C96AC6812D9B4F8300369BAD /* Build configuration list for PBXNativeTarget "History Republic" */ = {
			isa = XCConfigurationList;
			buildConfigurations = (
				C96AC6822D9B4F8300369BAD /* Debug */,
				C96AC6832D9B4F8300369BAD /* Release */,
			);
			defaultConfigurationIsVisible = 0;
			defaultConfigurationName = Release;
		};
		C96AC6842D9B4F8300369BAD /* Build configuration list for PBXNativeTarget "History RepublicTests" */ = {
			isa = XCConfigurationList;
			buildConfigurations = (
				C96AC6852D9B4F8300369BAD /* Debug */,
				C96AC6862D9B4F8300369BAD /* Release */,
			);
			defaultConfigurationIsVisible = 0;
			defaultConfigurationName = Release;
		};
		C96AC6872D9B4F8300369BAD /* Build configuration list for PBXNativeTarget "History RepublicUITests" */ = {
			isa = XCConfigurationList;
			buildConfigurations = (
				C96AC6882D9B4F8300369BAD /* Debug */,
				C96AC6892D9B4F8300369BAD /* Release */,
			);
			defaultConfigurationIsVisible = 0;
			defaultConfigurationName = Release;
		};
/* End XCConfigurationList section */

/* Begin XCRemoteSwiftPackageReference section */
		C96AC7D22D9B68E000369BAD /* XCRemoteSwiftPackageReference "keychain-swift" */ = {
			isa = XCRemoteSwiftPackageReference;
			repositoryURL = "https://github.com/evgenyneu/keychain-swift.git";
			requirement = {
				kind = upToNextMajorVersion;
				minimumVersion = 24.0.0;
			};
		};
/* End XCRemoteSwiftPackageReference section */

/* Begin XCSwiftPackageProductDependency section */
		C96AC7D32D9B68E000369BAD /* KeychainSwift */ = {
			isa = XCSwiftPackageProductDependency;
			package = C96AC7D22D9B68E000369BAD /* XCRemoteSwiftPackageReference "keychain-swift" */;
			productName = KeychainSwift;
		};
/* End XCSwiftPackageProductDependency section */
	};
	rootObject = C96AC6552D9B4F8200369BAD /* Project object */;
}
